// !$*UTF8*$!
{
	archiveVersion = 1;
	classes = {
	};
	objectVersion = 46;
	objects = {

/* Begin PBXBuildFile section */
		1737C1FAECE74A01BB2D90AC /* Command.m in Sources */ = {isa = PBXBuildFile; fileRef = 1737C7AEB9979438C1B709EF /* Command.m */; };
		1737C21C7BEE6DE0A1116DA6 /* CommandLineTask.m in Sources */ = {isa = PBXBuildFile; fileRef = 1737CD47BE9C5E9150CC0735 /* CommandLineTask.m */; };
		1737C57A973A3FBAD7AD13B3 /* LinearCongruentGenerator.m in Sources */ = {isa = PBXBuildFile; fileRef = 1737CDB0149FB3C9459AE1F3 /* LinearCongruentGenerator.m */; };
		1737C7F789A301670A3F1454 /* Problem.m in Sources */ = {isa = PBXBuildFile; fileRef = 1737CF64C1218E39960A8749 /* Problem.m */; };
		1737C82417FD1539B6690630 /* BoardParser.m in Sources */ = {isa = PBXBuildFile; fileRef = 1737CAF6FC8F612E43CA7397 /* BoardParser.m */; };
		1737CA28255C71D9021CE0E3 /* Solution.m in Sources */ = {isa = PBXBuildFile; fileRef = 1737C4986399C751EE41736F /* Solution.m */; };
		1737CCC8702C82255B7DD697 /* Board.m in Sources */ = {isa = PBXBuildFile; fileRef = 1737C1E6DA912C295AE5D9FF /* Board.m */; };
		1737CE86A0F11CD8E4D5FAD2 /* Solver.m in Sources */ = {isa = PBXBuildFile; fileRef = 1737C700D94CE358D1DF7ABD /* Solver.m */; };
		7327FD7A1B6CAF6F00D693ED /* main.m in Sources */ = {isa = PBXBuildFile; fileRef = 7327FD791B6CAF6F00D693ED /* main.m */; };
/* End PBXBuildFile section */

/* Begin PBXCopyFilesBuildPhase section */
		7327FD741B6CAF6F00D693ED /* CopyFiles */ = {
			isa = PBXCopyFilesBuildPhase;
			buildActionMask = 2147483647;
			dstPath = /usr/share/man/man1/;
			dstSubfolderSpec = 0;
			files = (
			);
			runOnlyForDeploymentPostprocessing = 1;
		};
/* End PBXCopyFilesBuildPhase section */

/* Begin PBXFileReference section */
		1737C04CE09918EB4D119605 /* Command.h */ = {isa = PBXFileReference; fileEncoding = 4; lastKnownFileType = sourcecode.c.h; path = Command.h; sourceTree = "<group>"; };
		1737C1E6DA912C295AE5D9FF /* Board.m */ = {isa = PBXFileReference; fileEncoding = 4; lastKnownFileType = sourcecode.c.objc; path = Board.m; sourceTree = "<group>"; };
		1737C375A2EFD5B4CBADE1AF /* BoardParser.h */ = {isa = PBXFileReference; fileEncoding = 4; lastKnownFileType = sourcecode.c.h; path = BoardParser.h; sourceTree = "<group>"; };
		1737C4986399C751EE41736F /* Solution.m */ = {isa = PBXFileReference; fileEncoding = 4; lastKnownFileType = sourcecode.c.objc; path = Solution.m; sourceTree = "<group>"; };
		1737C58009DBD051101A7AE4 /* Solution.h */ = {isa = PBXFileReference; fileEncoding = 4; lastKnownFileType = sourcecode.c.h; path = Solution.h; sourceTree = "<group>"; };
		1737C700D94CE358D1DF7ABD /* Solver.m */ = {isa = PBXFileReference; fileEncoding = 4; lastKnownFileType = sourcecode.c.objc; path = Solver.m; sourceTree = "<group>"; };
		1737C75C073F2091E2B21B16 /* CommandLineTask.h */ = {isa = PBXFileReference; fileEncoding = 4; lastKnownFileType = sourcecode.c.h; path = CommandLineTask.h; sourceTree = "<group>"; };
		1737C7AEB9979438C1B709EF /* Command.m */ = {isa = PBXFileReference; fileEncoding = 4; lastKnownFileType = sourcecode.c.objc; path = Command.m; sourceTree = "<group>"; };
		1737CA7E080478FAA038BB5C /* Board.h */ = {isa = PBXFileReference; fileEncoding = 4; lastKnownFileType = sourcecode.c.h; path = Board.h; sourceTree = "<group>"; };
		1737CAF6FC8F612E43CA7397 /* BoardParser.m */ = {isa = PBXFileReference; fileEncoding = 4; lastKnownFileType = sourcecode.c.objc; path = BoardParser.m; sourceTree = "<group>"; };
		1737CCD712B17832EEE1F929 /* LinearCongruentGenerator.h */ = {isa = PBXFileReference; fileEncoding = 4; lastKnownFileType = sourcecode.c.h; path = LinearCongruentGenerator.h; sourceTree = "<group>"; };
		1737CD47BE9C5E9150CC0735 /* CommandLineTask.m */ = {isa = PBXFileReference; fileEncoding = 4; lastKnownFileType = sourcecode.c.objc; path = CommandLineTask.m; sourceTree = "<group>"; };
		1737CD9027B7E09178C85008 /* Problem.h */ = {isa = PBXFileReference; fileEncoding = 4; lastKnownFileType = sourcecode.c.h; path = Problem.h; sourceTree = "<group>"; };
		1737CDB0149FB3C9459AE1F3 /* LinearCongruentGenerator.m */ = {isa = PBXFileReference; fileEncoding = 4; lastKnownFileType = sourcecode.c.objc; path = LinearCongruentGenerator.m; sourceTree = "<group>"; };
		1737CF274D5ED2E6FE7223CF /* Solver.h */ = {isa = PBXFileReference; fileEncoding = 4; lastKnownFileType = sourcecode.c.h; path = Solver.h; sourceTree = "<group>"; };
		1737CF64C1218E39960A8749 /* Problem.m */ = {isa = PBXFileReference; fileEncoding = 4; lastKnownFileType = sourcecode.c.objc; path = Problem.m; sourceTree = "<group>"; };
		7327FD761B6CAF6F00D693ED /* icfpcli */ = {isa = PBXFileReference; explicitFileType = "compiled.mach-o.executable"; includeInIndex = 0; path = icfpcli; sourceTree = BUILT_PRODUCTS_DIR; };
		7327FD791B6CAF6F00D693ED /* main.m */ = {isa = PBXFileReference; lastKnownFileType = sourcecode.c.objc; path = main.m; sourceTree = "<group>"; };
/* End PBXFileReference section */

/* Begin PBXFrameworksBuildPhase section */
		7327FD731B6CAF6F00D693ED /* Frameworks */ = {
			isa = PBXFrameworksBuildPhase;
			buildActionMask = 2147483647;
			files = (
			);
			runOnlyForDeploymentPostprocessing = 0;
		};
/* End PBXFrameworksBuildPhase section */

/* Begin PBXGroup section */
		1737C78332E4A0CE92ED41DD /* Model */ = {
			isa = PBXGroup;
			children = (
				1737CA7E080478FAA038BB5C /* Board.h */,
				1737C1E6DA912C295AE5D9FF /* Board.m */,
				1737CF274D5ED2E6FE7223CF /* Solver.h */,
				1737C700D94CE358D1DF7ABD /* Solver.m */,
				1737C04CE09918EB4D119605 /* Command.h */,
				1737C7AEB9979438C1B709EF /* Command.m */,
				1737CD9027B7E09178C85008 /* Problem.h */,
				1737CF64C1218E39960A8749 /* Problem.m */,
				1737C58009DBD051101A7AE4 /* Solution.h */,
				1737C4986399C751EE41736F /* Solution.m */,
				1737C375A2EFD5B4CBADE1AF /* BoardParser.h */,
				1737CAF6FC8F612E43CA7397 /* BoardParser.m */,
				1737C75C073F2091E2B21B16 /* CommandLineTask.h */,
				1737CD47BE9C5E9150CC0735 /* CommandLineTask.m */,
				1737CCD712B17832EEE1F929 /* LinearCongruentGenerator.h */,
				1737CDB0149FB3C9459AE1F3 /* LinearCongruentGenerator.m */,
			);
			name = Model;
			path = ../../icfp2015view/icfp2015view/Model;
			sourceTree = "<group>";
		};
		7327FD6D1B6CAF6F00D693ED = {
			isa = PBXGroup;
			children = (
				7327FD781B6CAF6F00D693ED /* icfpcli */,
				7327FD771B6CAF6F00D693ED /* Products */,
			);
			sourceTree = "<group>";
		};
		7327FD771B6CAF6F00D693ED /* Products */ = {
			isa = PBXGroup;
			children = (
				7327FD761B6CAF6F00D693ED /* icfpcli */,
			);
			name = Products;
			sourceTree = "<group>";
		};
		7327FD781B6CAF6F00D693ED /* icfpcli */ = {
			isa = PBXGroup;
			children = (
				7327FD791B6CAF6F00D693ED /* main.m */,
				1737C78332E4A0CE92ED41DD /* Model */,
			);
			path = icfpcli;
			sourceTree = "<group>";
		};
/* End PBXGroup section */

/* Begin PBXNativeTarget section */
		7327FD751B6CAF6F00D693ED /* icfpcli */ = {
			isa = PBXNativeTarget;
			buildConfigurationList = 7327FD7D1B6CAF6F00D693ED /* Build configuration list for PBXNativeTarget "icfpcli" */;
			buildPhases = (
				7327FD721B6CAF6F00D693ED /* Sources */,
				7327FD731B6CAF6F00D693ED /* Frameworks */,
				7327FD741B6CAF6F00D693ED /* CopyFiles */,
			);
			buildRules = (
			);
			dependencies = (
			);
			name = icfpcli;
			productName = icfpcli;
			productReference = 7327FD761B6CAF6F00D693ED /* icfpcli */;
			productType = "com.apple.product-type.tool";
		};
/* End PBXNativeTarget section */

/* Begin PBXProject section */
		7327FD6E1B6CAF6F00D693ED /* Project object */ = {
			isa = PBXProject;
			attributes = {
				LastUpgradeCheck = 0640;
				ORGANIZATIONNAME = "Stanfy LLC";
				TargetAttributes = {
					7327FD751B6CAF6F00D693ED = {
						CreatedOnToolsVersion = 6.4;
					};
				};
			};
			buildConfigurationList = 7327FD711B6CAF6F00D693ED /* Build configuration list for PBXProject "icfpcli" */;
			compatibilityVersion = "Xcode 3.2";
			developmentRegion = English;
			hasScannedForEncodings = 0;
			knownRegions = (
				en,
			);
			mainGroup = 7327FD6D1B6CAF6F00D693ED;
			productRefGroup = 7327FD771B6CAF6F00D693ED /* Products */;
			projectDirPath = "";
			projectRoot = "";
			targets = (
				7327FD751B6CAF6F00D693ED /* icfpcli */,
			);
		};
/* End PBXProject section */

/* Begin PBXSourcesBuildPhase section */
		7327FD721B6CAF6F00D693ED /* Sources */ = {
			isa = PBXSourcesBuildPhase;
			buildActionMask = 2147483647;
			files = (
				7327FD7A1B6CAF6F00D693ED /* main.m in Sources */,
				1737CCC8702C82255B7DD697 /* Board.m in Sources */,
				1737CE86A0F11CD8E4D5FAD2 /* Solver.m in Sources */,
				1737C1FAECE74A01BB2D90AC /* Command.m in Sources */,
				1737C7F789A301670A3F1454 /* Problem.m in Sources */,
				1737CA28255C71D9021CE0E3 /* Solution.m in Sources */,
				1737C82417FD1539B6690630 /* BoardParser.m in Sources */,
				1737C21C7BEE6DE0A1116DA6 /* CommandLineTask.m in Sources */,
				1737C57A973A3FBAD7AD13B3 /* LinearCongruentGenerator.m in Sources */,
			);
			runOnlyForDeploymentPostprocessing = 0;
		};
/* End PBXSourcesBuildPhase section */

/* Begin XCBuildConfiguration section */
		7327FD7B1B6CAF6F00D693ED /* Debug */ = {
			isa = XCBuildConfiguration;
			buildSettings = {
				ALWAYS_SEARCH_USER_PATHS = NO;
				CLANG_CXX_LANGUAGE_STANDARD = "gnu++0x";
				CLANG_CXX_LIBRARY = "libc++";
				CLANG_ENABLE_MODULES = YES;
				CLANG_ENABLE_OBJC_ARC = YES;
				CLANG_WARN_BOOL_CONVERSION = YES;
				CLANG_WARN_CONSTANT_CONVERSION = YES;
				CLANG_WARN_DIRECT_OBJC_ISA_USAGE = YES_ERROR;
				CLANG_WARN_EMPTY_BODY = YES;
				CLANG_WARN_ENUM_CONVERSION = YES;
				CLANG_WARN_INT_CONVERSION = YES;
				CLANG_WARN_OBJC_ROOT_CLASS = YES_ERROR;
				CLANG_WARN_UNREACHABLE_CODE = YES;
				CLANG_WARN__DUPLICATE_METHOD_MATCH = YES;
				COPY_PHASE_STRIP = NO;
				DEBUG_INFORMATION_FORMAT = dwarf;
				ENABLE_STRICT_OBJC_MSGSEND = YES;
				GCC_C_LANGUAGE_STANDARD = gnu99;
				GCC_DYNAMIC_NO_PIC = NO;
				GCC_NO_COMMON_BLOCKS = YES;
				GCC_OPTIMIZATION_LEVEL = 0;
				GCC_PREPROCESSOR_DEFINITIONS = (
					"DEBUG=1",
					"$(inherited)",
				);
				GCC_SYMBOLS_PRIVATE_EXTERN = NO;
				GCC_WARN_64_TO_32_BIT_CONVERSION = YES;
				GCC_WARN_ABOUT_RETURN_TYPE = YES_ERROR;
				GCC_WARN_UNDECLARED_SELECTOR = YES;
				GCC_WARN_UNINITIALIZED_AUTOS = YES_AGGRESSIVE;
				GCC_WARN_UNUSED_FUNCTION = YES;
				GCC_WARN_UNUSED_VARIABLE = YES;
				MACOSX_DEPLOYMENT_TARGET = 10.10;
				MTL_ENABLE_DEBUG_INFO = YES;
				ONLY_ACTIVE_ARCH = YES;
				SDKROOT = macosx;
			};
			name = Debug;
		};
		7327FD7C1B6CAF6F00D693ED /* Release */ = {
			isa = XCBuildConfiguration;
			buildSettings = {
				ALWAYS_SEARCH_USER_PATHS = NO;
				CLANG_CXX_LANGUAGE_STANDARD = "gnu++0x";
				CLANG_CXX_LIBRARY = "libc++";
				CLANG_ENABLE_MODULES = YES;
				CLANG_ENABLE_OBJC_ARC = YES;
				CLANG_WARN_BOOL_CONVERSION = YES;
				CLANG_WARN_CONSTANT_CONVERSION = YES;
				CLANG_WARN_DIRECT_OBJC_ISA_USAGE = YES_ERROR;
				CLANG_WARN_EMPTY_BODY = YES;
				CLANG_WARN_ENUM_CONVERSION = YES;
				CLANG_WARN_INT_CONVERSION = YES;
				CLANG_WARN_OBJC_ROOT_CLASS = YES_ERROR;
				CLANG_WARN_UNREACHABLE_CODE = YES;
				CLANG_WARN__DUPLICATE_METHOD_MATCH = YES;
				COPY_PHASE_STRIP = NO;
				DEBUG_INFORMATION_FORMAT = "dwarf-with-dsym";
				ENABLE_NS_ASSERTIONS = NO;
				ENABLE_STRICT_OBJC_MSGSEND = YES;
				GCC_C_LANGUAGE_STANDARD = gnu99;
				GCC_NO_COMMON_BLOCKS = YES;
				GCC_WARN_64_TO_32_BIT_CONVERSION = YES;
				GCC_WARN_ABOUT_RETURN_TYPE = YES_ERROR;
				GCC_WARN_UNDECLARED_SELECTOR = YES;
				GCC_WARN_UNINITIALIZED_AUTOS = YES_AGGRESSIVE;
				GCC_WARN_UNUSED_FUNCTION = YES;
				GCC_WARN_UNUSED_VARIABLE = YES;
				MACOSX_DEPLOYMENT_TARGET = 10.10;
				MTL_ENABLE_DEBUG_INFO = NO;
				SDKROOT = macosx;
			};
			name = Release;
		};
		7327FD7E1B6CAF6F00D693ED /* Debug */ = {
			isa = XCBuildConfiguration;
			buildSettings = {
				PRODUCT_NAME = "$(TARGET_NAME)";
				USER_HEADER_SEARCH_PATHS = "\"${PROJECT_DIR}/../icfp2015view\"/**";
			};
			name = Debug;
		};
		7327FD7F1B6CAF6F00D693ED /* Release */ = {
			isa = XCBuildConfiguration;
			buildSettings = {
				PRODUCT_NAME = "$(TARGET_NAME)";
				USER_HEADER_SEARCH_PATHS = "\"${PROJECT_DIR}/../icfp2015view\"/**";
			};
			name = Release;
		};
/* End XCBuildConfiguration section */

/* Begin XCConfigurationList section */
		7327FD711B6CAF6F00D693ED /* Build configuration list for PBXProject "icfpcli" */ = {
			isa = XCConfigurationList;
			buildConfigurations = (
				7327FD7B1B6CAF6F00D693ED /* Debug */,
				7327FD7C1B6CAF6F00D693ED /* Release */,
			);
			defaultConfigurationIsVisible = 0;
			defaultConfigurationName = Release;
		};
		7327FD7D1B6CAF6F00D693ED /* Build configuration list for PBXNativeTarget "icfpcli" */ = {
			isa = XCConfigurationList;
			buildConfigurations = (
				7327FD7E1B6CAF6F00D693ED /* Debug */,
				7327FD7F1B6CAF6F00D693ED /* Release */,
			);
			defaultConfigurationIsVisible = 0;
		};
/* End XCConfigurationList section */
	};
	rootObject = 7327FD6E1B6CAF6F00D693ED /* Project object */;
}
