// !$*UTF8*$!
{
	archiveVersion = 1;
	classes = {
	};
	objectVersion = 46;
	objects = {

/* Begin PBXBuildFile section */
		1737C560163469DDD2BF7106 /* Board.m in Sources */ = {isa = PBXBuildFile; fileRef = 1737C543D70716D2B5939710 /* Board.m */; };
		1737C6B225F973FD2D8767DB /* CommandLineTask.m in Sources */ = {isa = PBXBuildFile; fileRef = 1737C2E01852765595320223 /* CommandLineTask.m */; };
		1737C6B569287FFD9964DB55 /* BoardParser.m in Sources */ = {isa = PBXBuildFile; fileRef = 1737C468A0648A5B6FC98E16 /* BoardParser.m */; };
		1737C6F23C868BFED40F7D7E /* Solution.m in Sources */ = {isa = PBXBuildFile; fileRef = 1737C49C15521729C2F03204 /* Solution.m */; };
		1737C95E1A199A94EBDBAD1C /* Problem.m in Sources */ = {isa = PBXBuildFile; fileRef = 1737C8CC245D3BEB620908F1 /* Problem.m */; };
		1737C9D7AC949FEC6D79629C /* Command.m in Sources */ = {isa = PBXBuildFile; fileRef = 1737CA7C6823CA3FB24FEC32 /* Command.m */; };
		1737CBB54942EF9354E3B716 /* Solver.m in Sources */ = {isa = PBXBuildFile; fileRef = 1737C7F58549F1753DDBBBD1 /* Solver.m */; };
		1737CBF353F26C2636B279EE /* LinearCongruentGenerator.m in Sources */ = {isa = PBXBuildFile; fileRef = 1737C73AB0D48C1738B01FB1 /* LinearCongruentGenerator.m */; };
		7327FD311B6CAF1E00D693ED /* main.m in Sources */ = {isa = PBXBuildFile; fileRef = 7327FD301B6CAF1E00D693ED /* main.m */; };
		7327FD341B6CAF1E00D693ED /* AppDelegate.m in Sources */ = {isa = PBXBuildFile; fileRef = 7327FD331B6CAF1E00D693ED /* AppDelegate.m */; };
		7327FD371B6CAF1E00D693ED /* ViewController.m in Sources */ = {isa = PBXBuildFile; fileRef = 7327FD361B6CAF1E00D693ED /* ViewController.m */; };
		7327FD3A1B6CAF1E00D693ED /* Main.storyboard in Resources */ = {isa = PBXBuildFile; fileRef = 7327FD381B6CAF1E00D693ED /* Main.storyboard */; };
		7327FD3C1B6CAF1E00D693ED /* Images.xcassets in Resources */ = {isa = PBXBuildFile; fileRef = 7327FD3B1B6CAF1E00D693ED /* Images.xcassets */; };
		7327FD3F1B6CAF1E00D693ED /* LaunchScreen.xib in Resources */ = {isa = PBXBuildFile; fileRef = 7327FD3D1B6CAF1E00D693ED /* LaunchScreen.xib */; };
		7327FD4B1B6CAF1F00D693ED /* icfp2015viewTests.m in Sources */ = {isa = PBXBuildFile; fileRef = 7327FD4A1B6CAF1F00D693ED /* icfp2015viewTests.m */; };
/* End PBXBuildFile section */

/* Begin PBXContainerItemProxy section */
		7327FD451B6CAF1F00D693ED /* PBXContainerItemProxy */ = {
			isa = PBXContainerItemProxy;
			containerPortal = 7327FD231B6CAF1E00D693ED /* Project object */;
			proxyType = 1;
			remoteGlobalIDString = 7327FD2A1B6CAF1E00D693ED;
			remoteInfo = icfp2015view;
		};
/* End PBXContainerItemProxy section */

/* Begin PBXFileReference section */
		1737C0AF8CA5BA608C185302 /* Solution.h */ = {isa = PBXFileReference; fileEncoding = 4; lastKnownFileType = sourcecode.c.h; path = Solution.h; sourceTree = "<group>"; };
		1737C0DE73EB627810B7E865 /* Board.h */ = {isa = PBXFileReference; fileEncoding = 4; lastKnownFileType = sourcecode.c.h; path = Board.h; sourceTree = "<group>"; };
		1737C2E01852765595320223 /* CommandLineTask.m */ = {isa = PBXFileReference; fileEncoding = 4; lastKnownFileType = sourcecode.c.objc; path = CommandLineTask.m; sourceTree = "<group>"; };
		1737C3C5C96B8605F0A1FA6D /* Command.h */ = {isa = PBXFileReference; fileEncoding = 4; lastKnownFileType = sourcecode.c.h; path = Command.h; sourceTree = "<group>"; };
		1737C468A0648A5B6FC98E16 /* BoardParser.m */ = {isa = PBXFileReference; fileEncoding = 4; lastKnownFileType = sourcecode.c.objc; path = BoardParser.m; sourceTree = "<group>"; };
		1737C49C15521729C2F03204 /* Solution.m */ = {isa = PBXFileReference; fileEncoding = 4; lastKnownFileType = sourcecode.c.objc; path = Solution.m; sourceTree = "<group>"; };
		1737C543D70716D2B5939710 /* Board.m */ = {isa = PBXFileReference; fileEncoding = 4; lastKnownFileType = sourcecode.c.objc; path = Board.m; sourceTree = "<group>"; };
		1737C73AB0D48C1738B01FB1 /* LinearCongruentGenerator.m */ = {isa = PBXFileReference; fileEncoding = 4; lastKnownFileType = sourcecode.c.objc; path = LinearCongruentGenerator.m; sourceTree = "<group>"; };
		1737C7F58549F1753DDBBBD1 /* Solver.m */ = {isa = PBXFileReference; fileEncoding = 4; lastKnownFileType = sourcecode.c.objc; path = Solver.m; sourceTree = "<group>"; };
		1737C8CC245D3BEB620908F1 /* Problem.m */ = {isa = PBXFileReference; fileEncoding = 4; lastKnownFileType = sourcecode.c.objc; path = Problem.m; sourceTree = "<group>"; };
		1737CA7C6823CA3FB24FEC32 /* Command.m */ = {isa = PBXFileReference; fileEncoding = 4; lastKnownFileType = sourcecode.c.objc; path = Command.m; sourceTree = "<group>"; };
		1737CAE2AB8BD133B5AB06DE /* CommandLineTask.h */ = {isa = PBXFileReference; fileEncoding = 4; lastKnownFileType = sourcecode.c.h; path = CommandLineTask.h; sourceTree = "<group>"; };
		1737CB0420F2F285AC28664A /* Problem.h */ = {isa = PBXFileReference; fileEncoding = 4; lastKnownFileType = sourcecode.c.h; path = Problem.h; sourceTree = "<group>"; };
		1737CB6AEEFC9C00942B10CC /* BoardParser.h */ = {isa = PBXFileReference; fileEncoding = 4; lastKnownFileType = sourcecode.c.h; path = BoardParser.h; sourceTree = "<group>"; };
		1737CB752B798028B79127CC /* LinearCongruentGenerator.h */ = {isa = PBXFileReference; fileEncoding = 4; lastKnownFileType = sourcecode.c.h; path = LinearCongruentGenerator.h; sourceTree = "<group>"; };
		1737CF35EEB29B3B84389B03 /* Solver.h */ = {isa = PBXFileReference; fileEncoding = 4; lastKnownFileType = sourcecode.c.h; path = Solver.h; sourceTree = "<group>"; };
		7327FD2B1B6CAF1E00D693ED /* icfp2015view.app */ = {isa = PBXFileReference; explicitFileType = wrapper.application; includeInIndex = 0; path = icfp2015view.app; sourceTree = BUILT_PRODUCTS_DIR; };
		7327FD2F1B6CAF1E00D693ED /* Info.plist */ = {isa = PBXFileReference; lastKnownFileType = text.plist.xml; path = Info.plist; sourceTree = "<group>"; };
		7327FD301B6CAF1E00D693ED /* main.m */ = {isa = PBXFileReference; lastKnownFileType = sourcecode.c.objc; path = main.m; sourceTree = "<group>"; };
		7327FD321B6CAF1E00D693ED /* AppDelegate.h */ = {isa = PBXFileReference; lastKnownFileType = sourcecode.c.h; path = AppDelegate.h; sourceTree = "<group>"; };
		7327FD331B6CAF1E00D693ED /* AppDelegate.m */ = {isa = PBXFileReference; lastKnownFileType = sourcecode.c.objc; path = AppDelegate.m; sourceTree = "<group>"; };
		7327FD351B6CAF1E00D693ED /* ViewController.h */ = {isa = PBXFileReference; lastKnownFileType = sourcecode.c.h; path = ViewController.h; sourceTree = "<group>"; };
		7327FD361B6CAF1E00D693ED /* ViewController.m */ = {isa = PBXFileReference; lastKnownFileType = sourcecode.c.objc; path = ViewController.m; sourceTree = "<group>"; };
		7327FD391B6CAF1E00D693ED /* Base */ = {isa = PBXFileReference; lastKnownFileType = file.storyboard; name = Base; path = Base.lproj/Main.storyboard; sourceTree = "<group>"; };
		7327FD3B1B6CAF1E00D693ED /* Images.xcassets */ = {isa = PBXFileReference; lastKnownFileType = folder.assetcatalog; path = Images.xcassets; sourceTree = "<group>"; };
		7327FD3E1B6CAF1E00D693ED /* Base */ = {isa = PBXFileReference; lastKnownFileType = file.xib; name = Base; path = Base.lproj/LaunchScreen.xib; sourceTree = "<group>"; };
		7327FD441B6CAF1F00D693ED /* icfp2015viewTests.xctest */ = {isa = PBXFileReference; explicitFileType = wrapper.cfbundle; includeInIndex = 0; path = icfp2015viewTests.xctest; sourceTree = BUILT_PRODUCTS_DIR; };
		7327FD491B6CAF1F00D693ED /* Info.plist */ = {isa = PBXFileReference; lastKnownFileType = text.plist.xml; path = Info.plist; sourceTree = "<group>"; };
		7327FD4A1B6CAF1F00D693ED /* icfp2015viewTests.m */ = {isa = PBXFileReference; lastKnownFileType = sourcecode.c.objc; path = icfp2015viewTests.m; sourceTree = "<group>"; };
/* End PBXFileReference section */

/* Begin PBXFrameworksBuildPhase section */
		7327FD281B6CAF1E00D693ED /* Frameworks */ = {
			isa = PBXFrameworksBuildPhase;
			buildActionMask = 2147483647;
			files = (
			);
			runOnlyForDeploymentPostprocessing = 0;
		};
		7327FD411B6CAF1F00D693ED /* Frameworks */ = {
			isa = PBXFrameworksBuildPhase;
			buildActionMask = 2147483647;
			files = (
			);
			runOnlyForDeploymentPostprocessing = 0;
		};
/* End PBXFrameworksBuildPhase section */

/* Begin PBXGroup section */
		1737C0ACB7A2E23335C9D495 /* Parse */ = {
			isa = PBXGroup;
			children = (
			);
			path = Parse;
			sourceTree = "<group>";
		};
		1737C9705461F892CA41EA07 /* Model */ = {
			isa = PBXGroup;
			children = (
				1737C543D70716D2B5939710 /* Board.m */,
				1737C0DE73EB627810B7E865 /* Board.h */,
				1737C73AB0D48C1738B01FB1 /* LinearCongruentGenerator.m */,
				1737CB752B798028B79127CC /* LinearCongruentGenerator.h */,
				1737C7F58549F1753DDBBBD1 /* Solver.m */,
				1737CF35EEB29B3B84389B03 /* Solver.h */,
				1737C49C15521729C2F03204 /* Solution.m */,
				1737C0AF8CA5BA608C185302 /* Solution.h */,
				1737CA7C6823CA3FB24FEC32 /* Command.m */,
				1737C3C5C96B8605F0A1FA6D /* Command.h */,
				1737C468A0648A5B6FC98E16 /* BoardParser.m */,
				1737CB6AEEFC9C00942B10CC /* BoardParser.h */,
				1737C2E01852765595320223 /* CommandLineTask.m */,
				1737CAE2AB8BD133B5AB06DE /* CommandLineTask.h */,
				1737C8CC245D3BEB620908F1 /* Problem.m */,
				1737CB0420F2F285AC28664A /* Problem.h */,
			);
			path = Model;
			sourceTree = "<group>";
		};
		7327FD221B6CAF1E00D693ED = {
			isa = PBXGroup;
			children = (
				7327FD2D1B6CAF1E00D693ED /* icfp2015view */,
				7327FD471B6CAF1F00D693ED /* icfp2015viewTests */,
				7327FD2C1B6CAF1E00D693ED /* Products */,
			);
			sourceTree = "<group>";
		};
		7327FD2C1B6CAF1E00D693ED /* Products */ = {
			isa = PBXGroup;
			children = (
				7327FD2B1B6CAF1E00D693ED /* icfp2015view.app */,
				7327FD441B6CAF1F00D693ED /* icfp2015viewTests.xctest */,
			);
			name = Products;
			sourceTree = "<group>";
		};
		7327FD2D1B6CAF1E00D693ED /* icfp2015view */ = {
			isa = PBXGroup;
			children = (
				7327FD321B6CAF1E00D693ED /* AppDelegate.h */,
				7327FD331B6CAF1E00D693ED /* AppDelegate.m */,
				7327FD351B6CAF1E00D693ED /* ViewController.h */,
				7327FD361B6CAF1E00D693ED /* ViewController.m */,
				7327FD381B6CAF1E00D693ED /* Main.storyboard */,
				7327FD3B1B6CAF1E00D693ED /* Images.xcassets */,
				7327FD3D1B6CAF1E00D693ED /* LaunchScreen.xib */,
				7327FD2E1B6CAF1E00D693ED /* Supporting Files */,
				1737C9705461F892CA41EA07 /* Model */,
				1737C0ACB7A2E23335C9D495 /* Parse */,
			);
			path = icfp2015view;
			sourceTree = "<group>";
		};
		7327FD2E1B6CAF1E00D693ED /* Supporting Files */ = {
			isa = PBXGroup;
			children = (
				7327FD2F1B6CAF1E00D693ED /* Info.plist */,
				7327FD301B6CAF1E00D693ED /* main.m */,
			);
			name = "Supporting Files";
			sourceTree = "<group>";
		};
		7327FD471B6CAF1F00D693ED /* icfp2015viewTests */ = {
			isa = PBXGroup;
			children = (
				7327FD4A1B6CAF1F00D693ED /* icfp2015viewTests.m */,
				7327FD481B6CAF1F00D693ED /* Supporting Files */,
			);
			path = icfp2015viewTests;
			sourceTree = "<group>";
		};
		7327FD481B6CAF1F00D693ED /* Supporting Files */ = {
			isa = PBXGroup;
			children = (
				7327FD491B6CAF1F00D693ED /* Info.plist */,
			);
			name = "Supporting Files";
			sourceTree = "<group>";
		};
/* End PBXGroup section */

/* Begin PBXNativeTarget section */
		7327FD2A1B6CAF1E00D693ED /* icfp2015view */ = {
			isa = PBXNativeTarget;
			buildConfigurationList = 7327FD4E1B6CAF1F00D693ED /* Build configuration list for PBXNativeTarget "icfp2015view" */;
			buildPhases = (
				7327FD271B6CAF1E00D693ED /* Sources */,
				7327FD281B6CAF1E00D693ED /* Frameworks */,
				7327FD291B6CAF1E00D693ED /* Resources */,
			);
			buildRules = (
			);
			dependencies = (
			);
			name = icfp2015view;
			productName = icfp2015view;
			productReference = 7327FD2B1B6CAF1E00D693ED /* icfp2015view.app */;
			productType = "com.apple.product-type.application";
		};
		7327FD431B6CAF1F00D693ED /* icfp2015viewTests */ = {
			isa = PBXNativeTarget;
			buildConfigurationList = 7327FD511B6CAF1F00D693ED /* Build configuration list for PBXNativeTarget "icfp2015viewTests" */;
			buildPhases = (
				7327FD401B6CAF1F00D693ED /* Sources */,
				7327FD411B6CAF1F00D693ED /* Frameworks */,
				7327FD421B6CAF1F00D693ED /* Resources */,
			);
			buildRules = (
			);
			dependencies = (
				7327FD461B6CAF1F00D693ED /* PBXTargetDependency */,
			);
			name = icfp2015viewTests;
			productName = icfp2015viewTests;
			productReference = 7327FD441B6CAF1F00D693ED /* icfp2015viewTests.xctest */;
			productType = "com.apple.product-type.bundle.unit-test";
		};
/* End PBXNativeTarget section */

/* Begin PBXProject section */
		7327FD231B6CAF1E00D693ED /* Project object */ = {
			isa = PBXProject;
			attributes = {
				LastUpgradeCheck = 0640;
				ORGANIZATIONNAME = "Stanfy LLC";
				TargetAttributes = {
					7327FD2A1B6CAF1E00D693ED = {
						CreatedOnToolsVersion = 6.4;
					};
					7327FD431B6CAF1F00D693ED = {
						CreatedOnToolsVersion = 6.4;
						TestTargetID = 7327FD2A1B6CAF1E00D693ED;
					};
				};
			};
			buildConfigurationList = 7327FD261B6CAF1E00D693ED /* Build configuration list for PBXProject "icfp2015view" */;
			compatibilityVersion = "Xcode 3.2";
			developmentRegion = English;
			hasScannedForEncodings = 0;
			knownRegions = (
				en,
				Base,
			);
			mainGroup = 7327FD221B6CAF1E00D693ED;
			productRefGroup = 7327FD2C1B6CAF1E00D693ED /* Products */;
			projectDirPath = "";
			projectRoot = "";
			targets = (
				7327FD2A1B6CAF1E00D693ED /* icfp2015view */,
				7327FD431B6CAF1F00D693ED /* icfp2015viewTests */,
			);
		};
/* End PBXProject section */

/* Begin PBXResourcesBuildPhase section */
		7327FD291B6CAF1E00D693ED /* Resources */ = {
			isa = PBXResourcesBuildPhase;
			buildActionMask = 2147483647;
			files = (
				7327FD3A1B6CAF1E00D693ED /* Main.storyboard in Resources */,
				7327FD3F1B6CAF1E00D693ED /* LaunchScreen.xib in Resources */,
				7327FD3C1B6CAF1E00D693ED /* Images.xcassets in Resources */,
			);
			runOnlyForDeploymentPostprocessing = 0;
		};
		7327FD421B6CAF1F00D693ED /* Resources */ = {
			isa = PBXResourcesBuildPhase;
			buildActionMask = 2147483647;
			files = (
			);
			runOnlyForDeploymentPostprocessing = 0;
		};
/* End PBXResourcesBuildPhase section */

/* Begin PBXSourcesBuildPhase section */
		7327FD271B6CAF1E00D693ED /* Sources */ = {
			isa = PBXSourcesBuildPhase;
			buildActionMask = 2147483647;
			files = (
				7327FD371B6CAF1E00D693ED /* ViewController.m in Sources */,
				7327FD341B6CAF1E00D693ED /* AppDelegate.m in Sources */,
				7327FD311B6CAF1E00D693ED /* main.m in Sources */,
				1737C560163469DDD2BF7106 /* Board.m in Sources */,
				1737CBF353F26C2636B279EE /* LinearCongruentGenerator.m in Sources */,
				1737CBB54942EF9354E3B716 /* Solver.m in Sources */,
				1737C6F23C868BFED40F7D7E /* Solution.m in Sources */,
				1737C9D7AC949FEC6D79629C /* Command.m in Sources */,
				1737C6B569287FFD9964DB55 /* BoardParser.m in Sources */,
				1737C6B225F973FD2D8767DB /* CommandLineTask.m in Sources */,
				1737C95E1A199A94EBDBAD1C /* Problem.m in Sources */,
			);
			runOnlyForDeploymentPostprocessing = 0;
		};
		7327FD401B6CAF1F00D693ED /* Sources */ = {
			isa = PBXSourcesBuildPhase;
			buildActionMask = 2147483647;
			files = (
				7327FD4B1B6CAF1F00D693ED /* icfp2015viewTests.m in Sources */,
			);
			runOnlyForDeploymentPostprocessing = 0;
		};
/* End PBXSourcesBuildPhase section */

/* Begin PBXTargetDependency section */
		7327FD461B6CAF1F00D693ED /* PBXTargetDependency */ = {
			isa = PBXTargetDependency;
			target = 7327FD2A1B6CAF1E00D693ED /* icfp2015view */;
			targetProxy = 7327FD451B6CAF1F00D693ED /* PBXContainerItemProxy */;
		};
/* End PBXTargetDependency section */

/* Begin PBXVariantGroup section */
		7327FD381B6CAF1E00D693ED /* Main.storyboard */ = {
			isa = PBXVariantGroup;
			children = (
				7327FD391B6CAF1E00D693ED /* Base */,
			);
			name = Main.storyboard;
			sourceTree = "<group>";
		};
		7327FD3D1B6CAF1E00D693ED /* LaunchScreen.xib */ = {
			isa = PBXVariantGroup;
			children = (
				7327FD3E1B6CAF1E00D693ED /* Base */,
			);
			name = LaunchScreen.xib;
			sourceTree = "<group>";
		};
/* End PBXVariantGroup section */

/* Begin XCBuildConfiguration section */
		7327FD4C1B6CAF1F00D693ED /* Debug */ = {
			isa = XCBuildConfiguration;
			buildSettings = {
				ALWAYS_SEARCH_USER_PATHS = NO;
				CLANG_CXX_LANGUAGE_STANDARD = "gnu++0x";
				CLANG_CXX_LIBRARY = "libc++";
				CLANG_ENABLE_MODULES = YES;
				CLANG_ENABLE_OBJC_ARC = YES;
				CLANG_WARN_BOOL_CONVERSION = YES;
				CLANG_WARN_CONSTANT_CONVERSION = YES;
				CLANG_WARN_DIRECT_OBJC_ISA_USAGE = YES_ERROR;
				CLANG_WARN_EMPTY_BODY = YES;
				CLANG_WARN_ENUM_CONVERSION = YES;
				CLANG_WARN_INT_CONVERSION = YES;
				CLANG_WARN_OBJC_ROOT_CLASS = YES_ERROR;
				CLANG_WARN_UNREACHABLE_CODE = YES;
				CLANG_WARN__DUPLICATE_METHOD_MATCH = YES;
				"CODE_SIGN_IDENTITY[sdk=iphoneos*]" = "iPhone Developer";
				COPY_PHASE_STRIP = NO;
				DEBUG_INFORMATION_FORMAT = "dwarf-with-dsym";
				ENABLE_STRICT_OBJC_MSGSEND = YES;
				GCC_C_LANGUAGE_STANDARD = gnu99;
				GCC_DYNAMIC_NO_PIC = NO;
				GCC_NO_COMMON_BLOCKS = YES;
				GCC_OPTIMIZATION_LEVEL = 0;
				GCC_PREPROCESSOR_DEFINITIONS = (
					"DEBUG=1",
					"$(inherited)",
				);
				GCC_SYMBOLS_PRIVATE_EXTERN = NO;
				GCC_WARN_64_TO_32_BIT_CONVERSION = YES;
				GCC_WARN_ABOUT_RETURN_TYPE = YES_ERROR;
				GCC_WARN_UNDECLARED_SELECTOR = YES;
				GCC_WARN_UNINITIALIZED_AUTOS = YES_AGGRESSIVE;
				GCC_WARN_UNUSED_FUNCTION = YES;
				GCC_WARN_UNUSED_VARIABLE = YES;
				IPHONEOS_DEPLOYMENT_TARGET = 8.4;
				MTL_ENABLE_DEBUG_INFO = YES;
				ONLY_ACTIVE_ARCH = YES;
				SDKROOT = iphoneos;
			};
			name = Debug;
		};
		7327FD4D1B6CAF1F00D693ED /* Release */ = {
			isa = XCBuildConfiguration;
			buildSettings = {
				ALWAYS_SEARCH_USER_PATHS = NO;
				CLANG_CXX_LANGUAGE_STANDARD = "gnu++0x";
				CLANG_CXX_LIBRARY = "libc++";
				CLANG_ENABLE_MODULES = YES;
				CLANG_ENABLE_OBJC_ARC = YES;
				CLANG_WARN_BOOL_CONVERSION = YES;
				CLANG_WARN_CONSTANT_CONVERSION = YES;
				CLANG_WARN_DIRECT_OBJC_ISA_USAGE = YES_ERROR;
				CLANG_WARN_EMPTY_BODY = YES;
				CLANG_WARN_ENUM_CONVERSION = YES;
				CLANG_WARN_INT_CONVERSION = YES;
				CLANG_WARN_OBJC_ROOT_CLASS = YES_ERROR;
				CLANG_WARN_UNREACHABLE_CODE = YES;
				CLANG_WARN__DUPLICATE_METHOD_MATCH = YES;
				"CODE_SIGN_IDENTITY[sdk=iphoneos*]" = "iPhone Developer";
				COPY_PHASE_STRIP = NO;
				DEBUG_INFORMATION_FORMAT = "dwarf-with-dsym";
				ENABLE_NS_ASSERTIONS = NO;
				ENABLE_STRICT_OBJC_MSGSEND = YES;
				GCC_C_LANGUAGE_STANDARD = gnu99;
				GCC_NO_COMMON_BLOCKS = YES;
				GCC_WARN_64_TO_32_BIT_CONVERSION = YES;
				GCC_WARN_ABOUT_RETURN_TYPE = YES_ERROR;
				GCC_WARN_UNDECLARED_SELECTOR = YES;
				GCC_WARN_UNINITIALIZED_AUTOS = YES_AGGRESSIVE;
				GCC_WARN_UNUSED_FUNCTION = YES;
				GCC_WARN_UNUSED_VARIABLE = YES;
				IPHONEOS_DEPLOYMENT_TARGET = 8.4;
				MTL_ENABLE_DEBUG_INFO = NO;
				SDKROOT = iphoneos;
				VALIDATE_PRODUCT = YES;
			};
			name = Release;
		};
		7327FD4F1B6CAF1F00D693ED /* Debug */ = {
			isa = XCBuildConfiguration;
			buildSettings = {
				ASSETCATALOG_COMPILER_APPICON_NAME = AppIcon;
				INFOPLIST_FILE = icfp2015view/Info.plist;
				LD_RUNPATH_SEARCH_PATHS = "$(inherited) @executable_path/Frameworks";
				PRODUCT_NAME = "$(TARGET_NAME)";
			};
			name = Debug;
		};
		7327FD501B6CAF1F00D693ED /* Release */ = {
			isa = XCBuildConfiguration;
			buildSettings = {
				ASSETCATALOG_COMPILER_APPICON_NAME = AppIcon;
				INFOPLIST_FILE = icfp2015view/Info.plist;
				LD_RUNPATH_SEARCH_PATHS = "$(inherited) @executable_path/Frameworks";
				PRODUCT_NAME = "$(TARGET_NAME)";
			};
			name = Release;
		};
		7327FD521B6CAF1F00D693ED /* Debug */ = {
			isa = XCBuildConfiguration;
			buildSettings = {
				BUNDLE_LOADER = "$(TEST_HOST)";
				FRAMEWORK_SEARCH_PATHS = (
					"$(SDKROOT)/Developer/Library/Frameworks",
					"$(inherited)",
				);
				GCC_PREPROCESSOR_DEFINITIONS = (
					"DEBUG=1",
					"$(inherited)",
				);
				INFOPLIST_FILE = icfp2015viewTests/Info.plist;
				LD_RUNPATH_SEARCH_PATHS = "$(inherited) @executable_path/Frameworks @loader_path/Frameworks";
				PRODUCT_NAME = "$(TARGET_NAME)";
				TEST_HOST = "$(BUILT_PRODUCTS_DIR)/icfp2015view.app/icfp2015view";
			};
			name = Debug;
		};
		7327FD531B6CAF1F00D693ED /* Release */ = {
			isa = XCBuildConfiguration;
			buildSettings = {
				BUNDLE_LOADER = "$(TEST_HOST)";
				FRAMEWORK_SEARCH_PATHS = (
					"$(SDKROOT)/Developer/Library/Frameworks",
					"$(inherited)",
				);
				INFOPLIST_FILE = icfp2015viewTests/Info.plist;
				LD_RUNPATH_SEARCH_PATHS = "$(inherited) @executable_path/Frameworks @loader_path/Frameworks";
				PRODUCT_NAME = "$(TARGET_NAME)";
				TEST_HOST = "$(BUILT_PRODUCTS_DIR)/icfp2015view.app/icfp2015view";
			};
			name = Release;
		};
/* End XCBuildConfiguration section */

/* Begin XCConfigurationList section */
		7327FD261B6CAF1E00D693ED /* Build configuration list for PBXProject "icfp2015view" */ = {
			isa = XCConfigurationList;
			buildConfigurations = (
				7327FD4C1B6CAF1F00D693ED /* Debug */,
				7327FD4D1B6CAF1F00D693ED /* Release */,
			);
			defaultConfigurationIsVisible = 0;
			defaultConfigurationName = Release;
		};
		7327FD4E1B6CAF1F00D693ED /* Build configuration list for PBXNativeTarget "icfp2015view" */ = {
			isa = XCConfigurationList;
			buildConfigurations = (
				7327FD4F1B6CAF1F00D693ED /* Debug */,
				7327FD501B6CAF1F00D693ED /* Release */,
			);
			defaultConfigurationIsVisible = 0;
		};
		7327FD511B6CAF1F00D693ED /* Build configuration list for PBXNativeTarget "icfp2015viewTests" */ = {
			isa = XCConfigurationList;
			buildConfigurations = (
				7327FD521B6CAF1F00D693ED /* Debug */,
				7327FD531B6CAF1F00D693ED /* Release */,
			);
			defaultConfigurationIsVisible = 0;
		};
/* End XCConfigurationList section */
	};
	rootObject = 7327FD231B6CAF1E00D693ED /* Project object */;
}
