// !$*UTF8*$!
{
	archiveVersion = 1;
	classes = {
	};
	objectVersion = 46;
	objects = {

/* Begin PBXBuildFile section */
		1737C394429BE8D2065EC37E /* Solution.m in Sources */ = {isa = PBXBuildFile; fileRef = 1737C49C15521729C2F03204 /* Solution.m */; };
		1737C4C7C13489ECD2AAFDDF /* DummySolver.m in Sources */ = {isa = PBXBuildFile; fileRef = 1737CC970A350CF01B65C7DD /* DummySolver.m */; };
		1737C6B225F973FD2D8767DB /* CommandLineTask.m in Sources */ = {isa = PBXBuildFile; fileRef = 1737C2E01852765595320223 /* CommandLineTask.m */; };
		1737C6F23C868BFED40F7D7E /* Solution.m in Sources */ = {isa = PBXBuildFile; fileRef = 1737C49C15521729C2F03204 /* Solution.m */; };
		1737C7D85AD9FD86DB73F2CF /* DummySolver.m in Sources */ = {isa = PBXBuildFile; fileRef = 1737CC970A350CF01B65C7DD /* DummySolver.m */; };
		1737C86F2773625070C3ECCE /* LinearCongruentGenerator.m in Sources */ = {isa = PBXBuildFile; fileRef = 1737C73AB0D48C1738B01FB1 /* LinearCongruentGenerator.m */; };
		1737C9D7AC949FEC6D79629C /* Command.m in Sources */ = {isa = PBXBuildFile; fileRef = 1737CA7C6823CA3FB24FEC32 /* Command.m */; };
		1737CA00868540C795D0600C /* CommandLineTask.m in Sources */ = {isa = PBXBuildFile; fileRef = 1737C2E01852765595320223 /* CommandLineTask.m */; };
		1737CBF353F26C2636B279EE /* LinearCongruentGenerator.m in Sources */ = {isa = PBXBuildFile; fileRef = 1737C73AB0D48C1738B01FB1 /* LinearCongruentGenerator.m */; };
		1737CEB141F9CAAFC8C4B850 /* Command.m in Sources */ = {isa = PBXBuildFile; fileRef = 1737CA7C6823CA3FB24FEC32 /* Command.m */; };
		192EA00A2DA94AE96FE12F68 /* Board.m in Sources */ = {isa = PBXBuildFile; fileRef = 192EA9CF8C9DD7DE444B075E /* Board.m */; };
		192EA0D02BC05C597D84E9EB /* problem_17.json in Resources */ = {isa = PBXBuildFile; fileRef = 192EA8ECAEB3DA94465A87FE /* problem_17.json */; };
		192EA19ECCC7F6BA84E944AB /* problem_5.json in Resources */ = {isa = PBXBuildFile; fileRef = 192EA9C7A6018E222906C978 /* problem_5.json */; };
		192EA283C3139788731FA272 /* problem_6.json in Resources */ = {isa = PBXBuildFile; fileRef = 192EA2D4E0C99997C9684A5F /* problem_6.json */; };
		192EA35C902FA598DC1F64A1 /* problem_0.json in Resources */ = {isa = PBXBuildFile; fileRef = 192EA94A558AF0474F4D20E6 /* problem_0.json */; };
		192EA3AE82A04D5B5114C24B /* BoardCell.m in Sources */ = {isa = PBXBuildFile; fileRef = 192EAE425F7FA63CD86B3E72 /* BoardCell.m */; };
		192EA41A199F8FDA9422C499 /* problem_23.json in Resources */ = {isa = PBXBuildFile; fileRef = 192EAB6E5D6F30F96814A44A /* problem_23.json */; };
		192EA4545742813D38308033 /* BoardCreator.m in Sources */ = {isa = PBXBuildFile; fileRef = 192EADC0E899F07F66E15CF1 /* BoardCreator.m */; };
		192EA4EB27205B1833F0B14C /* LightningSolver.m in Sources */ = {isa = PBXBuildFile; fileRef = 192EA4D018F9ADA5F60C49E9 /* LightningSolver.m */; };
		192EA5142638B7577A6F3045 /* problem_1.json in Resources */ = {isa = PBXBuildFile; fileRef = 192EA0F45001CC853081CC27 /* problem_1.json */; };
		192EA53D8A04E97BC26A1A77 /* problem_16.json in Resources */ = {isa = PBXBuildFile; fileRef = 192EA6041183E4697BB32304 /* problem_16.json */; };
		192EA56C595ED16FE6C9F933 /* BoardUnit.m in Sources */ = {isa = PBXBuildFile; fileRef = 192EAF9120DFE1ADA6985EB5 /* BoardUnit.m */; };
		192EA5EC26DB9337F85AF90C /* problem_10.json in Resources */ = {isa = PBXBuildFile; fileRef = 192EA95D748AD5126371E53F /* problem_10.json */; };
		192EA5EDB96DDF06ED63AADB /* problem_12.json in Resources */ = {isa = PBXBuildFile; fileRef = 192EA45D14B09527D55C9F66 /* problem_12.json */; };
		192EA6A28FADEFFB72267FAB /* problem_2.json in Resources */ = {isa = PBXBuildFile; fileRef = 192EA427A917547C39FEA7C6 /* problem_2.json */; };
		192EA6A46C60924DC4D72C75 /* problem_14.json in Resources */ = {isa = PBXBuildFile; fileRef = 192EA883E575BA7B8B254ECE /* problem_14.json */; };
		192EA70D80D076EDED6A1D8C /* problem_7.json in Resources */ = {isa = PBXBuildFile; fileRef = 192EADDE0AA7E53AEADAE2E2 /* problem_7.json */; };
		192EA74633AB19316A7D1BD6 /* problem_19.json in Resources */ = {isa = PBXBuildFile; fileRef = 192EA904D9F3310581551C3B /* problem_19.json */; };
		192EA7AAA743794AF67E0CB7 /* problem_20.json in Resources */ = {isa = PBXBuildFile; fileRef = 192EAD1F884ACA66DA053316 /* problem_20.json */; };
		192EA7C2C48B9E3027BA2DE3 /* problem_9.json in Resources */ = {isa = PBXBuildFile; fileRef = 192EA8E25002DB0606D3198C /* problem_9.json */; };
		192EA87CB1E7A6E8360D8C49 /* problem_13.json in Resources */ = {isa = PBXBuildFile; fileRef = 192EA34D042722F949322FA3 /* problem_13.json */; };
		192EA920E5639B7C366E7953 /* BoardsConfigCollection.m in Sources */ = {isa = PBXBuildFile; fileRef = 192EA67AA212C31E098DBC21 /* BoardsConfigCollection.m */; };
		192EA971463BAB16897B1418 /* BoardCreator.m in Sources */ = {isa = PBXBuildFile; fileRef = 192EADC0E899F07F66E15CF1 /* BoardCreator.m */; };
		192EAA451403407EBAF7E06F /* problem_3.json in Resources */ = {isa = PBXBuildFile; fileRef = 192EACEFBE523A4E191D61E7 /* problem_3.json */; };
		192EAB3C13FC08070EEA843B /* BoardsConfigCollection.m in Sources */ = {isa = PBXBuildFile; fileRef = 192EA67AA212C31E098DBC21 /* BoardsConfigCollection.m */; };
		192EACFEC1DBFE55740F6BB0 /* problem_22.json in Resources */ = {isa = PBXBuildFile; fileRef = 192EA9189261C7E5CB5ACC32 /* problem_22.json */; };
		192EAD47724672A85CFF93E2 /* problem_15.json in Resources */ = {isa = PBXBuildFile; fileRef = 192EA76A04C43470EFA0AEAE /* problem_15.json */; };
		192EADB4688C2C7B1354D249 /* Board.m in Sources */ = {isa = PBXBuildFile; fileRef = 192EA9CF8C9DD7DE444B075E /* Board.m */; };
		192EADDC8C8EC4585E5BD79C /* CommandToLettersConvertor.m in Sources */ = {isa = PBXBuildFile; fileRef = 192EA6DA3AE33C41A35AE934 /* CommandToLettersConvertor.m */; };
		192EAE6D36991B9DF64991C6 /* problem_21.json in Resources */ = {isa = PBXBuildFile; fileRef = 192EA32B9F9A66D159F174A7 /* problem_21.json */; };
		192EAEA70511EC90F21388D0 /* problem_8.json in Resources */ = {isa = PBXBuildFile; fileRef = 192EA66553283D7F804F2155 /* problem_8.json */; };
		192EAF5A3CBE68C79AC030F4 /* problem_18.json in Resources */ = {isa = PBXBuildFile; fileRef = 192EA7A29017DFA3ECF73820 /* problem_18.json */; };
		192EAF6327764B0E87A5E61B /* problem_4.json in Resources */ = {isa = PBXBuildFile; fileRef = 192EA81B948775F057C59D1E /* problem_4.json */; };
		192EAF8106FE982BCA435F7C /* problem_11.json in Resources */ = {isa = PBXBuildFile; fileRef = 192EA18D31E1A30D1B52C360 /* problem_11.json */; };
		7327FD311B6CAF1E00D693ED /* main.m in Sources */ = {isa = PBXBuildFile; fileRef = 7327FD301B6CAF1E00D693ED /* main.m */; };
		7327FD341B6CAF1E00D693ED /* AppDelegate.m in Sources */ = {isa = PBXBuildFile; fileRef = 7327FD331B6CAF1E00D693ED /* AppDelegate.m */; };
		7327FD371B6CAF1E00D693ED /* ViewController.m in Sources */ = {isa = PBXBuildFile; fileRef = 7327FD361B6CAF1E00D693ED /* ViewController.m */; };
		7327FD3A1B6CAF1E00D693ED /* Main.storyboard in Resources */ = {isa = PBXBuildFile; fileRef = 7327FD381B6CAF1E00D693ED /* Main.storyboard */; };
		7327FD3C1B6CAF1E00D693ED /* Images.xcassets in Resources */ = {isa = PBXBuildFile; fileRef = 7327FD3B1B6CAF1E00D693ED /* Images.xcassets */; };
		7327FD3F1B6CAF1E00D693ED /* LaunchScreen.xib in Resources */ = {isa = PBXBuildFile; fileRef = 7327FD3D1B6CAF1E00D693ED /* LaunchScreen.xib */; };
		7327FD4B1B6CAF1F00D693ED /* icfp2015viewTests.m in Sources */ = {isa = PBXBuildFile; fileRef = 7327FD4A1B6CAF1F00D693ED /* icfp2015viewTests.m */; };
		7344E20F1B75153E00AA8A6F /* BoardCell.m in Sources */ = {isa = PBXBuildFile; fileRef = 192EAE425F7FA63CD86B3E72 /* BoardCell.m */; };
		7344E2101B75154100AA8A6F /* BoardUnit.m in Sources */ = {isa = PBXBuildFile; fileRef = 192EAF9120DFE1ADA6985EB5 /* BoardUnit.m */; };
		7344E2131B760C0500AA8A6F /* LightningSolver.m in Sources */ = {isa = PBXBuildFile; fileRef = 192EA4D018F9ADA5F60C49E9 /* LightningSolver.m */; };
		7344E2141B760C0F00AA8A6F /* CommandToLettersConvertor.m in Sources */ = {isa = PBXBuildFile; fileRef = 192EA6DA3AE33C41A35AE934 /* CommandToLettersConvertor.m */; };
		73481A771B750D24006C7E9D /* libclilibrary.dylib in Frameworks */ = {isa = PBXBuildFile; fileRef = 73481A6C1B750D24006C7E9D /* libclilibrary.dylib */; };
/* End PBXBuildFile section */

/* Begin PBXContainerItemProxy section */
		7327FD451B6CAF1F00D693ED /* PBXContainerItemProxy */ = {
			isa = PBXContainerItemProxy;
			containerPortal = 7327FD231B6CAF1E00D693ED /* Project object */;
			proxyType = 1;
			remoteGlobalIDString = 7327FD2A1B6CAF1E00D693ED;
			remoteInfo = icfp2015view;
		};
		73481A781B750D24006C7E9D /* PBXContainerItemProxy */ = {
			isa = PBXContainerItemProxy;
			containerPortal = 7327FD231B6CAF1E00D693ED /* Project object */;
			proxyType = 1;
			remoteGlobalIDString = 73481A6B1B750D24006C7E9D;
			remoteInfo = clilibrary;
		};
/* End PBXContainerItemProxy section */

/* Begin PBXFileReference section */
		1737C0AF8CA5BA608C185302 /* Solution.h */ = {isa = PBXFileReference; fileEncoding = 4; lastKnownFileType = sourcecode.c.h; path = Solution.h; sourceTree = "<group>"; };
		1737C2E01852765595320223 /* CommandLineTask.m */ = {isa = PBXFileReference; fileEncoding = 4; lastKnownFileType = sourcecode.c.objc; path = CommandLineTask.m; sourceTree = "<group>"; };
		1737C3C5C96B8605F0A1FA6D /* Command.h */ = {isa = PBXFileReference; fileEncoding = 4; lastKnownFileType = sourcecode.c.h; path = Command.h; sourceTree = "<group>"; };
		1737C49C15521729C2F03204 /* Solution.m */ = {isa = PBXFileReference; fileEncoding = 4; lastKnownFileType = sourcecode.c.objc; path = Solution.m; sourceTree = "<group>"; };
		1737C4E83E0D7AB7507060E8 /* SolverProtocol.h */ = {isa = PBXFileReference; fileEncoding = 4; lastKnownFileType = sourcecode.c.h; path = SolverProtocol.h; sourceTree = "<group>"; };
		1737C73AB0D48C1738B01FB1 /* LinearCongruentGenerator.m */ = {isa = PBXFileReference; fileEncoding = 4; lastKnownFileType = sourcecode.c.objc; path = LinearCongruentGenerator.m; sourceTree = "<group>"; };
		1737C9AF8E9A294A401986A3 /* DummySolver.h */ = {isa = PBXFileReference; fileEncoding = 4; lastKnownFileType = sourcecode.c.h; path = DummySolver.h; sourceTree = "<group>"; };
		1737CA7C6823CA3FB24FEC32 /* Command.m */ = {isa = PBXFileReference; fileEncoding = 4; lastKnownFileType = sourcecode.c.objc; path = Command.m; sourceTree = "<group>"; };
		1737CAE2AB8BD133B5AB06DE /* CommandLineTask.h */ = {isa = PBXFileReference; fileEncoding = 4; lastKnownFileType = sourcecode.c.h; path = CommandLineTask.h; sourceTree = "<group>"; };
		1737CB752B798028B79127CC /* LinearCongruentGenerator.h */ = {isa = PBXFileReference; fileEncoding = 4; lastKnownFileType = sourcecode.c.h; path = LinearCongruentGenerator.h; sourceTree = "<group>"; };
		1737CC970A350CF01B65C7DD /* DummySolver.m */ = {isa = PBXFileReference; fileEncoding = 4; lastKnownFileType = sourcecode.c.objc; path = DummySolver.m; sourceTree = "<group>"; };
		192EA0F45001CC853081CC27 /* problem_1.json */ = {isa = PBXFileReference; lastKnownFileType = file.json; path = problem_1.json; sourceTree = "<group>"; };
		192EA18D31E1A30D1B52C360 /* problem_11.json */ = {isa = PBXFileReference; lastKnownFileType = file.json; path = problem_11.json; sourceTree = "<group>"; };
		192EA1B5ABCDA2E39C21203B /* LightningSolver.h */ = {isa = PBXFileReference; fileEncoding = 4; lastKnownFileType = sourcecode.c.h; path = LightningSolver.h; sourceTree = "<group>"; };
		192EA2D4E0C99997C9684A5F /* problem_6.json */ = {isa = PBXFileReference; lastKnownFileType = file.json; path = problem_6.json; sourceTree = "<group>"; };
		192EA32B9F9A66D159F174A7 /* problem_21.json */ = {isa = PBXFileReference; lastKnownFileType = file.json; path = problem_21.json; sourceTree = "<group>"; };
		192EA34D042722F949322FA3 /* problem_13.json */ = {isa = PBXFileReference; lastKnownFileType = file.json; path = problem_13.json; sourceTree = "<group>"; };
		192EA3F915557AF1EADA5906 /* BoardCell.h */ = {isa = PBXFileReference; fileEncoding = 4; lastKnownFileType = sourcecode.c.h; path = BoardCell.h; sourceTree = "<group>"; };
		192EA427A917547C39FEA7C6 /* problem_2.json */ = {isa = PBXFileReference; lastKnownFileType = file.json; path = problem_2.json; sourceTree = "<group>"; };
		192EA45D14B09527D55C9F66 /* problem_12.json */ = {isa = PBXFileReference; lastKnownFileType = file.json; path = problem_12.json; sourceTree = "<group>"; };
		192EA4D018F9ADA5F60C49E9 /* LightningSolver.m */ = {isa = PBXFileReference; fileEncoding = 4; lastKnownFileType = sourcecode.c.objc; path = LightningSolver.m; sourceTree = "<group>"; };
		192EA5DA704F7B143A324101 /* BoardsConfigCollection.h */ = {isa = PBXFileReference; fileEncoding = 4; lastKnownFileType = sourcecode.c.h; path = BoardsConfigCollection.h; sourceTree = "<group>"; };
		192EA6041183E4697BB32304 /* problem_16.json */ = {isa = PBXFileReference; lastKnownFileType = file.json; path = problem_16.json; sourceTree = "<group>"; };
		192EA66553283D7F804F2155 /* problem_8.json */ = {isa = PBXFileReference; lastKnownFileType = file.json; path = problem_8.json; sourceTree = "<group>"; };
		192EA67AA212C31E098DBC21 /* BoardsConfigCollection.m */ = {isa = PBXFileReference; fileEncoding = 4; lastKnownFileType = sourcecode.c.objc; path = BoardsConfigCollection.m; sourceTree = "<group>"; };
		192EA6DA3AE33C41A35AE934 /* CommandToLettersConvertor.m */ = {isa = PBXFileReference; fileEncoding = 4; lastKnownFileType = sourcecode.c.objc; path = CommandToLettersConvertor.m; sourceTree = "<group>"; };
		192EA76A04C43470EFA0AEAE /* problem_15.json */ = {isa = PBXFileReference; lastKnownFileType = file.json; path = problem_15.json; sourceTree = "<group>"; };
		192EA7A29017DFA3ECF73820 /* problem_18.json */ = {isa = PBXFileReference; lastKnownFileType = file.json; path = problem_18.json; sourceTree = "<group>"; };
		192EA81B948775F057C59D1E /* problem_4.json */ = {isa = PBXFileReference; lastKnownFileType = file.json; path = problem_4.json; sourceTree = "<group>"; };
		192EA883E575BA7B8B254ECE /* problem_14.json */ = {isa = PBXFileReference; lastKnownFileType = file.json; path = problem_14.json; sourceTree = "<group>"; };
		192EA8E25002DB0606D3198C /* problem_9.json */ = {isa = PBXFileReference; lastKnownFileType = file.json; path = problem_9.json; sourceTree = "<group>"; };
		192EA8ECAEB3DA94465A87FE /* problem_17.json */ = {isa = PBXFileReference; lastKnownFileType = file.json; path = problem_17.json; sourceTree = "<group>"; };
		192EA904D9F3310581551C3B /* problem_19.json */ = {isa = PBXFileReference; lastKnownFileType = file.json; path = problem_19.json; sourceTree = "<group>"; };
		192EA9189261C7E5CB5ACC32 /* problem_22.json */ = {isa = PBXFileReference; lastKnownFileType = file.json; path = problem_22.json; sourceTree = "<group>"; };
		192EA94A558AF0474F4D20E6 /* problem_0.json */ = {isa = PBXFileReference; lastKnownFileType = file.json; path = problem_0.json; sourceTree = "<group>"; };
		192EA95D748AD5126371E53F /* problem_10.json */ = {isa = PBXFileReference; lastKnownFileType = file.json; path = problem_10.json; sourceTree = "<group>"; };
		192EA97BD2FCC1AEC7B3AD63 /* BoardCreator.h */ = {isa = PBXFileReference; fileEncoding = 4; lastKnownFileType = sourcecode.c.h; path = BoardCreator.h; sourceTree = "<group>"; };
		192EA9A29FD14033E13F7CEC /* CommandToLettersConvertor.h */ = {isa = PBXFileReference; fileEncoding = 4; lastKnownFileType = sourcecode.c.h; path = CommandToLettersConvertor.h; sourceTree = "<group>"; };
		192EA9C7A6018E222906C978 /* problem_5.json */ = {isa = PBXFileReference; lastKnownFileType = file.json; path = problem_5.json; sourceTree = "<group>"; };
		192EA9CF8C9DD7DE444B075E /* Board.m */ = {isa = PBXFileReference; fileEncoding = 4; lastKnownFileType = sourcecode.c.objc; path = Board.m; sourceTree = "<group>"; };
		192EAB6D9EB9DC3F3BB9B7E0 /* BoardUnit.h */ = {isa = PBXFileReference; fileEncoding = 4; lastKnownFileType = sourcecode.c.h; path = BoardUnit.h; sourceTree = "<group>"; };
		192EAB6E5D6F30F96814A44A /* problem_23.json */ = {isa = PBXFileReference; lastKnownFileType = file.json; path = problem_23.json; sourceTree = "<group>"; };
		192EABA0624B27027EE4B49A /* Board.h */ = {isa = PBXFileReference; fileEncoding = 4; lastKnownFileType = sourcecode.c.h; path = Board.h; sourceTree = "<group>"; };
		192EACEFBE523A4E191D61E7 /* problem_3.json */ = {isa = PBXFileReference; lastKnownFileType = file.json; path = problem_3.json; sourceTree = "<group>"; };
		192EAD1F884ACA66DA053316 /* problem_20.json */ = {isa = PBXFileReference; lastKnownFileType = file.json; path = problem_20.json; sourceTree = "<group>"; };
		192EADC0E899F07F66E15CF1 /* BoardCreator.m */ = {isa = PBXFileReference; fileEncoding = 4; lastKnownFileType = sourcecode.c.objc; path = BoardCreator.m; sourceTree = "<group>"; };
		192EADDE0AA7E53AEADAE2E2 /* problem_7.json */ = {isa = PBXFileReference; lastKnownFileType = file.json; path = problem_7.json; sourceTree = "<group>"; };
		192EAE425F7FA63CD86B3E72 /* BoardCell.m */ = {isa = PBXFileReference; fileEncoding = 4; lastKnownFileType = sourcecode.c.objc; path = BoardCell.m; sourceTree = "<group>"; };
		192EAF9120DFE1ADA6985EB5 /* BoardUnit.m */ = {isa = PBXFileReference; fileEncoding = 4; lastKnownFileType = sourcecode.c.objc; path = BoardUnit.m; sourceTree = "<group>"; };
		7327FD2B1B6CAF1E00D693ED /* icfp2015view.app */ = {isa = PBXFileReference; explicitFileType = wrapper.application; includeInIndex = 0; path = icfp2015view.app; sourceTree = BUILT_PRODUCTS_DIR; };
		7327FD2F1B6CAF1E00D693ED /* Info.plist */ = {isa = PBXFileReference; lastKnownFileType = text.plist.xml; path = Info.plist; sourceTree = "<group>"; };
		7327FD301B6CAF1E00D693ED /* main.m */ = {isa = PBXFileReference; lastKnownFileType = sourcecode.c.objc; path = main.m; sourceTree = "<group>"; };
		7327FD321B6CAF1E00D693ED /* AppDelegate.h */ = {isa = PBXFileReference; lastKnownFileType = sourcecode.c.h; path = AppDelegate.h; sourceTree = "<group>"; };
		7327FD331B6CAF1E00D693ED /* AppDelegate.m */ = {isa = PBXFileReference; lastKnownFileType = sourcecode.c.objc; path = AppDelegate.m; sourceTree = "<group>"; };
		7327FD351B6CAF1E00D693ED /* ViewController.h */ = {isa = PBXFileReference; lastKnownFileType = sourcecode.c.h; path = ViewController.h; sourceTree = "<group>"; };
		7327FD361B6CAF1E00D693ED /* ViewController.m */ = {isa = PBXFileReference; lastKnownFileType = sourcecode.c.objc; path = ViewController.m; sourceTree = "<group>"; };
		7327FD391B6CAF1E00D693ED /* Base */ = {isa = PBXFileReference; lastKnownFileType = file.storyboard; name = Base; path = Base.lproj/Main.storyboard; sourceTree = "<group>"; };
		7327FD3B1B6CAF1E00D693ED /* Images.xcassets */ = {isa = PBXFileReference; lastKnownFileType = folder.assetcatalog; path = Images.xcassets; sourceTree = "<group>"; };
		7327FD3E1B6CAF1E00D693ED /* Base */ = {isa = PBXFileReference; lastKnownFileType = file.xib; name = Base; path = Base.lproj/LaunchScreen.xib; sourceTree = "<group>"; };
		7327FD441B6CAF1F00D693ED /* icfp2015viewTests.xctest */ = {isa = PBXFileReference; explicitFileType = wrapper.cfbundle; includeInIndex = 0; path = icfp2015viewTests.xctest; sourceTree = BUILT_PRODUCTS_DIR; };
		7327FD491B6CAF1F00D693ED /* Info.plist */ = {isa = PBXFileReference; lastKnownFileType = text.plist.xml; path = Info.plist; sourceTree = "<group>"; };
		7327FD4A1B6CAF1F00D693ED /* icfp2015viewTests.m */ = {isa = PBXFileReference; lastKnownFileType = sourcecode.c.objc; path = icfp2015viewTests.m; sourceTree = "<group>"; };
		73481A6C1B750D24006C7E9D /* libclilibrary.dylib */ = {isa = PBXFileReference; explicitFileType = "compiled.mach-o.dylib"; includeInIndex = 0; path = libclilibrary.dylib; sourceTree = BUILT_PRODUCTS_DIR; };
		73481A761B750D24006C7E9D /* clilibraryTests.xctest */ = {isa = PBXFileReference; explicitFileType = wrapper.cfbundle; includeInIndex = 0; path = clilibraryTests.xctest; sourceTree = BUILT_PRODUCTS_DIR; };
/* End PBXFileReference section */

/* Begin PBXFrameworksBuildPhase section */
		7327FD281B6CAF1E00D693ED /* Frameworks */ = {
			isa = PBXFrameworksBuildPhase;
			buildActionMask = 2147483647;
			files = (
			);
			runOnlyForDeploymentPostprocessing = 0;
		};
		7327FD411B6CAF1F00D693ED /* Frameworks */ = {
			isa = PBXFrameworksBuildPhase;
			buildActionMask = 2147483647;
			files = (
			);
			runOnlyForDeploymentPostprocessing = 0;
		};
		73481A691B750D24006C7E9D /* Frameworks */ = {
			isa = PBXFrameworksBuildPhase;
			buildActionMask = 2147483647;
			files = (
			);
			runOnlyForDeploymentPostprocessing = 0;
		};
		73481A731B750D24006C7E9D /* Frameworks */ = {
			isa = PBXFrameworksBuildPhase;
			buildActionMask = 2147483647;
			files = (
				73481A771B750D24006C7E9D /* libclilibrary.dylib in Frameworks */,
			);
			runOnlyForDeploymentPostprocessing = 0;
		};
/* End PBXFrameworksBuildPhase section */

/* Begin PBXGroup section */
		1737C47E1F1EC20F3CE42183 /* Protocols */ = {
			isa = PBXGroup;
			children = (
				1737C4E83E0D7AB7507060E8 /* SolverProtocol.h */,
			);
			path = Protocols;
			sourceTree = "<group>";
		};
		1737C76E0EB56D79B4829BD7 /* Solvers */ = {
			isa = PBXGroup;
			children = (
				1737CC970A350CF01B65C7DD /* DummySolver.m */,
				1737C9AF8E9A294A401986A3 /* DummySolver.h */,
				192EA6DA3AE33C41A35AE934 /* CommandToLettersConvertor.m */,
				192EA9A29FD14033E13F7CEC /* CommandToLettersConvertor.h */,
				192EA4D018F9ADA5F60C49E9 /* LightningSolver.m */,
				192EA1B5ABCDA2E39C21203B /* LightningSolver.h */,
			);
			path = Solvers;
			sourceTree = "<group>";
		};
		1737C9705461F892CA41EA07 /* Model */ = {
			isa = PBXGroup;
			children = (
				1737CB752B798028B79127CC /* LinearCongruentGenerator.h */,
				1737C73AB0D48C1738B01FB1 /* LinearCongruentGenerator.m */,
				1737C49C15521729C2F03204 /* Solution.m */,
				1737C0AF8CA5BA608C185302 /* Solution.h */,
				1737CA7C6823CA3FB24FEC32 /* Command.m */,
				1737C3C5C96B8605F0A1FA6D /* Command.h */,
				1737C2E01852765595320223 /* CommandLineTask.m */,
				1737CAE2AB8BD133B5AB06DE /* CommandLineTask.h */,
				1737C47E1F1EC20F3CE42183 /* Protocols */,
				1737C76E0EB56D79B4829BD7 /* Solvers */,
				192EA3C20E23E3C645A62C6F /* Board */,
			);
			path = Model;
			sourceTree = "<group>";
		};
		192EA3C20E23E3C645A62C6F /* Board */ = {
			isa = PBXGroup;
			children = (
				192EA9CF8C9DD7DE444B075E /* Board.m */,
				192EABA0624B27027EE4B49A /* Board.h */,
				192EA97BD2FCC1AEC7B3AD63 /* BoardCreator.h */,
				192EADC0E899F07F66E15CF1 /* BoardCreator.m */,
				192EAE425F7FA63CD86B3E72 /* BoardCell.m */,
				192EA3F915557AF1EADA5906 /* BoardCell.h */,
				192EAF9120DFE1ADA6985EB5 /* BoardUnit.m */,
				192EAB6D9EB9DC3F3BB9B7E0 /* BoardUnit.h */,
				192EA67AA212C31E098DBC21 /* BoardsConfigCollection.m */,
				192EA5DA704F7B143A324101 /* BoardsConfigCollection.h */,
			);
			path = Board;
			sourceTree = "<group>";
		};
		192EABC2835E1C6336ECDB0D /* Problems */ = {
			isa = PBXGroup;
			children = (
				192EACF1F55CE39C544B5110 /* problems */,
			);
			path = Problems;
			sourceTree = "<group>";
		};
		192EACF1F55CE39C544B5110 /* problems */ = {
			isa = PBXGroup;
			children = (
				192EA94A558AF0474F4D20E6 /* problem_0.json */,
				192EA0F45001CC853081CC27 /* problem_1.json */,
				192EA427A917547C39FEA7C6 /* problem_2.json */,
				192EACEFBE523A4E191D61E7 /* problem_3.json */,
				192EA81B948775F057C59D1E /* problem_4.json */,
				192EA9C7A6018E222906C978 /* problem_5.json */,
				192EA2D4E0C99997C9684A5F /* problem_6.json */,
				192EADDE0AA7E53AEADAE2E2 /* problem_7.json */,
				192EA66553283D7F804F2155 /* problem_8.json */,
				192EA8E25002DB0606D3198C /* problem_9.json */,
				192EA95D748AD5126371E53F /* problem_10.json */,
				192EA18D31E1A30D1B52C360 /* problem_11.json */,
				192EA45D14B09527D55C9F66 /* problem_12.json */,
				192EA34D042722F949322FA3 /* problem_13.json */,
				192EA883E575BA7B8B254ECE /* problem_14.json */,
				192EA76A04C43470EFA0AEAE /* problem_15.json */,
				192EA6041183E4697BB32304 /* problem_16.json */,
				192EA8ECAEB3DA94465A87FE /* problem_17.json */,
				192EA7A29017DFA3ECF73820 /* problem_18.json */,
				192EA904D9F3310581551C3B /* problem_19.json */,
				192EAD1F884ACA66DA053316 /* problem_20.json */,
				192EA32B9F9A66D159F174A7 /* problem_21.json */,
				192EA9189261C7E5CB5ACC32 /* problem_22.json */,
				192EAB6E5D6F30F96814A44A /* problem_23.json */,
			);
			path = problems;
			sourceTree = "<group>";
		};
		7327FD221B6CAF1E00D693ED = {
			isa = PBXGroup;
			children = (
				7327FD2D1B6CAF1E00D693ED /* icfp2015view */,
				7327FD471B6CAF1F00D693ED /* icfp2015viewTests */,
				7327FD2C1B6CAF1E00D693ED /* Products */,
			);
			sourceTree = "<group>";
		};
		7327FD2C1B6CAF1E00D693ED /* Products */ = {
			isa = PBXGroup;
			children = (
				7327FD2B1B6CAF1E00D693ED /* icfp2015view.app */,
				7327FD441B6CAF1F00D693ED /* icfp2015viewTests.xctest */,
				73481A6C1B750D24006C7E9D /* libclilibrary.dylib */,
				73481A761B750D24006C7E9D /* clilibraryTests.xctest */,
			);
			name = Products;
			sourceTree = "<group>";
		};
		7327FD2D1B6CAF1E00D693ED /* icfp2015view */ = {
			isa = PBXGroup;
			children = (
				7327FD321B6CAF1E00D693ED /* AppDelegate.h */,
				7327FD331B6CAF1E00D693ED /* AppDelegate.m */,
				7327FD351B6CAF1E00D693ED /* ViewController.h */,
				7327FD361B6CAF1E00D693ED /* ViewController.m */,
				7327FD381B6CAF1E00D693ED /* Main.storyboard */,
				7327FD3B1B6CAF1E00D693ED /* Images.xcassets */,
				7327FD3D1B6CAF1E00D693ED /* LaunchScreen.xib */,
				7327FD2E1B6CAF1E00D693ED /* Supporting Files */,
				1737C9705461F892CA41EA07 /* Model */,
				192EABC2835E1C6336ECDB0D /* Problems */,
			);
			path = icfp2015view;
			sourceTree = "<group>";
		};
		7327FD2E1B6CAF1E00D693ED /* Supporting Files */ = {
			isa = PBXGroup;
			children = (
				7327FD2F1B6CAF1E00D693ED /* Info.plist */,
				7327FD301B6CAF1E00D693ED /* main.m */,
			);
			name = "Supporting Files";
			sourceTree = "<group>";
		};
		7327FD471B6CAF1F00D693ED /* icfp2015viewTests */ = {
			isa = PBXGroup;
			children = (
				7327FD4A1B6CAF1F00D693ED /* icfp2015viewTests.m */,
				7327FD481B6CAF1F00D693ED /* Supporting Files */,
			);
			path = icfp2015viewTests;
			sourceTree = "<group>";
		};
		7327FD481B6CAF1F00D693ED /* Supporting Files */ = {
			isa = PBXGroup;
			children = (
				7327FD491B6CAF1F00D693ED /* Info.plist */,
			);
			name = "Supporting Files";
			sourceTree = "<group>";
		};
/* End PBXGroup section */

/* Begin PBXHeadersBuildPhase section */
		73481A6A1B750D24006C7E9D /* Headers */ = {
			isa = PBXHeadersBuildPhase;
			buildActionMask = 2147483647;
			files = (
			);
			runOnlyForDeploymentPostprocessing = 0;
		};
/* End PBXHeadersBuildPhase section */

/* Begin PBXNativeTarget section */
		7327FD2A1B6CAF1E00D693ED /* icfp2015view */ = {
			isa = PBXNativeTarget;
			buildConfigurationList = 7327FD4E1B6CAF1F00D693ED /* Build configuration list for PBXNativeTarget "icfp2015view" */;
			buildPhases = (
				7327FD271B6CAF1E00D693ED /* Sources */,
				7327FD281B6CAF1E00D693ED /* Frameworks */,
				7327FD291B6CAF1E00D693ED /* Resources */,
			);
			buildRules = (
			);
			dependencies = (
			);
			name = icfp2015view;
			productName = icfp2015view;
			productReference = 7327FD2B1B6CAF1E00D693ED /* icfp2015view.app */;
			productType = "com.apple.product-type.application";
		};
		7327FD431B6CAF1F00D693ED /* icfp2015viewTests */ = {
			isa = PBXNativeTarget;
			buildConfigurationList = 7327FD511B6CAF1F00D693ED /* Build configuration list for PBXNativeTarget "icfp2015viewTests" */;
			buildPhases = (
				7327FD401B6CAF1F00D693ED /* Sources */,
				7327FD411B6CAF1F00D693ED /* Frameworks */,
				7327FD421B6CAF1F00D693ED /* Resources */,
			);
			buildRules = (
			);
			dependencies = (
				7327FD461B6CAF1F00D693ED /* PBXTargetDependency */,
			);
			name = icfp2015viewTests;
			productName = icfp2015viewTests;
			productReference = 7327FD441B6CAF1F00D693ED /* icfp2015viewTests.xctest */;
			productType = "com.apple.product-type.bundle.unit-test";
		};
		73481A6B1B750D24006C7E9D /* clilibrary */ = {
			isa = PBXNativeTarget;
			buildConfigurationList = 73481A811B750D24006C7E9D /* Build configuration list for PBXNativeTarget "clilibrary" */;
			buildPhases = (
				73481A681B750D24006C7E9D /* Sources */,
				73481A691B750D24006C7E9D /* Frameworks */,
				73481A6A1B750D24006C7E9D /* Headers */,
			);
			buildRules = (
			);
			dependencies = (
			);
			name = clilibrary;
			productName = clilibrary;
			productReference = 73481A6C1B750D24006C7E9D /* libclilibrary.dylib */;
			productType = "com.apple.product-type.library.dynamic";
		};
		73481A751B750D24006C7E9D /* clilibraryTests */ = {
			isa = PBXNativeTarget;
			buildConfigurationList = 73481A821B750D24006C7E9D /* Build configuration list for PBXNativeTarget "clilibraryTests" */;
			buildPhases = (
				73481A721B750D24006C7E9D /* Sources */,
				73481A731B750D24006C7E9D /* Frameworks */,
				73481A741B750D24006C7E9D /* Resources */,
			);
			buildRules = (
			);
			dependencies = (
				73481A791B750D24006C7E9D /* PBXTargetDependency */,
			);
			name = clilibraryTests;
			productName = clilibraryTests;
			productReference = 73481A761B750D24006C7E9D /* clilibraryTests.xctest */;
			productType = "com.apple.product-type.bundle.unit-test";
		};
/* End PBXNativeTarget section */

/* Begin PBXProject section */
		7327FD231B6CAF1E00D693ED /* Project object */ = {
			isa = PBXProject;
			attributes = {
				LastUpgradeCheck = 0640;
				ORGANIZATIONNAME = "Stanfy LLC";
				TargetAttributes = {
					7327FD2A1B6CAF1E00D693ED = {
						CreatedOnToolsVersion = 6.4;
					};
					7327FD431B6CAF1F00D693ED = {
						CreatedOnToolsVersion = 6.4;
						TestTargetID = 7327FD2A1B6CAF1E00D693ED;
					};
					73481A6B1B750D24006C7E9D = {
						CreatedOnToolsVersion = 6.4;
					};
					73481A751B750D24006C7E9D = {
						CreatedOnToolsVersion = 6.4;
					};
				};
			};
			buildConfigurationList = 7327FD261B6CAF1E00D693ED /* Build configuration list for PBXProject "icfp2015view" */;
			compatibilityVersion = "Xcode 3.2";
			developmentRegion = English;
			hasScannedForEncodings = 0;
			knownRegions = (
				en,
				Base,
			);
			mainGroup = 7327FD221B6CAF1E00D693ED;
			productRefGroup = 7327FD2C1B6CAF1E00D693ED /* Products */;
			projectDirPath = "";
			projectRoot = "";
			targets = (
				7327FD2A1B6CAF1E00D693ED /* icfp2015view */,
				7327FD431B6CAF1F00D693ED /* icfp2015viewTests */,
				73481A6B1B750D24006C7E9D /* clilibrary */,
				73481A751B750D24006C7E9D /* clilibraryTests */,
			);
		};
/* End PBXProject section */

/* Begin PBXResourcesBuildPhase section */
		7327FD291B6CAF1E00D693ED /* Resources */ = {
			isa = PBXResourcesBuildPhase;
			buildActionMask = 2147483647;
			files = (
				7327FD3A1B6CAF1E00D693ED /* Main.storyboard in Resources */,
				7327FD3F1B6CAF1E00D693ED /* LaunchScreen.xib in Resources */,
				7327FD3C1B6CAF1E00D693ED /* Images.xcassets in Resources */,
				192EA35C902FA598DC1F64A1 /* problem_0.json in Resources */,
				192EA5142638B7577A6F3045 /* problem_1.json in Resources */,
				192EA6A28FADEFFB72267FAB /* problem_2.json in Resources */,
				192EAA451403407EBAF7E06F /* problem_3.json in Resources */,
				192EAF6327764B0E87A5E61B /* problem_4.json in Resources */,
				192EA19ECCC7F6BA84E944AB /* problem_5.json in Resources */,
				192EA283C3139788731FA272 /* problem_6.json in Resources */,
				192EA70D80D076EDED6A1D8C /* problem_7.json in Resources */,
				192EAEA70511EC90F21388D0 /* problem_8.json in Resources */,
				192EA7C2C48B9E3027BA2DE3 /* problem_9.json in Resources */,
				192EA5EC26DB9337F85AF90C /* problem_10.json in Resources */,
				192EAF8106FE982BCA435F7C /* problem_11.json in Resources */,
				192EA5EDB96DDF06ED63AADB /* problem_12.json in Resources */,
				192EA87CB1E7A6E8360D8C49 /* problem_13.json in Resources */,
				192EA6A46C60924DC4D72C75 /* problem_14.json in Resources */,
				192EAD47724672A85CFF93E2 /* problem_15.json in Resources */,
				192EA53D8A04E97BC26A1A77 /* problem_16.json in Resources */,
				192EA0D02BC05C597D84E9EB /* problem_17.json in Resources */,
				192EAF5A3CBE68C79AC030F4 /* problem_18.json in Resources */,
				192EA74633AB19316A7D1BD6 /* problem_19.json in Resources */,
				192EA7AAA743794AF67E0CB7 /* problem_20.json in Resources */,
				192EAE6D36991B9DF64991C6 /* problem_21.json in Resources */,
				192EACFEC1DBFE55740F6BB0 /* problem_22.json in Resources */,
				192EA41A199F8FDA9422C499 /* problem_23.json in Resources */,
			);
			runOnlyForDeploymentPostprocessing = 0;
		};
		7327FD421B6CAF1F00D693ED /* Resources */ = {
			isa = PBXResourcesBuildPhase;
			buildActionMask = 2147483647;
			files = (
			);
			runOnlyForDeploymentPostprocessing = 0;
		};
		73481A741B750D24006C7E9D /* Resources */ = {
			isa = PBXResourcesBuildPhase;
			buildActionMask = 2147483647;
			files = (
			);
			runOnlyForDeploymentPostprocessing = 0;
		};
/* End PBXResourcesBuildPhase section */

/* Begin PBXSourcesBuildPhase section */
		7327FD271B6CAF1E00D693ED /* Sources */ = {
			isa = PBXSourcesBuildPhase;
			buildActionMask = 2147483647;
			files = (
				7327FD371B6CAF1E00D693ED /* ViewController.m in Sources */,
				7327FD341B6CAF1E00D693ED /* AppDelegate.m in Sources */,
				7327FD311B6CAF1E00D693ED /* main.m in Sources */,
				1737CBF353F26C2636B279EE /* LinearCongruentGenerator.m in Sources */,
				1737C6F23C868BFED40F7D7E /* Solution.m in Sources */,
				1737C9D7AC949FEC6D79629C /* Command.m in Sources */,
				1737C6B225F973FD2D8767DB /* CommandLineTask.m in Sources */,
				1737C4C7C13489ECD2AAFDDF /* DummySolver.m in Sources */,
				192EADB4688C2C7B1354D249 /* Board.m in Sources */,
				192EA971463BAB16897B1418 /* BoardCreator.m in Sources */,
				192EA3AE82A04D5B5114C24B /* BoardCell.m in Sources */,
				192EA56C595ED16FE6C9F933 /* BoardUnit.m in Sources */,
				192EAB3C13FC08070EEA843B /* BoardsConfigCollection.m in Sources */,
				192EADDC8C8EC4585E5BD79C /* CommandToLettersConvertor.m in Sources */,
				192EA4EB27205B1833F0B14C /* LightningSolver.m in Sources */,
			);
			runOnlyForDeploymentPostprocessing = 0;
		};
		7327FD401B6CAF1F00D693ED /* Sources */ = {
			isa = PBXSourcesBuildPhase;
			buildActionMask = 2147483647;
			files = (
				7327FD4B1B6CAF1F00D693ED /* icfp2015viewTests.m in Sources */,
			);
			runOnlyForDeploymentPostprocessing = 0;
		};
		73481A681B750D24006C7E9D /* Sources */ = {
			isa = PBXSourcesBuildPhase;
			buildActionMask = 2147483647;
			files = (
				1737C394429BE8D2065EC37E /* Solution.m in Sources */,
				1737C7D85AD9FD86DB73F2CF /* DummySolver.m in Sources */,
				1737CA00868540C795D0600C /* CommandLineTask.m in Sources */,
				1737C86F2773625070C3ECCE /* LinearCongruentGenerator.m in Sources */,
				1737CEB141F9CAAFC8C4B850 /* Command.m in Sources */,
				7344E20F1B75153E00AA8A6F /* BoardCell.m in Sources */,
				7344E2101B75154100AA8A6F /* BoardUnit.m in Sources */,
				7344E2131B760C0500AA8A6F /* LightningSolver.m in Sources */,
				192EA00A2DA94AE96FE12F68 /* Board.m in Sources */,
				7344E2141B760C0F00AA8A6F /* CommandToLettersConvertor.m in Sources */,
				192EA4545742813D38308033 /* BoardCreator.m in Sources */,
				192EA920E5639B7C366E7953 /* BoardsConfigCollection.m in Sources */,
			);
			runOnlyForDeploymentPostprocessing = 0;
		};
		73481A721B750D24006C7E9D /* Sources */ = {
			isa = PBXSourcesBuildPhase;
			buildActionMask = 2147483647;
			files = (
			);
			runOnlyForDeploymentPostprocessing = 0;
		};
/* End PBXSourcesBuildPhase section */

/* Begin PBXTargetDependency section */
		7327FD461B6CAF1F00D693ED /* PBXTargetDependency */ = {
			isa = PBXTargetDependency;
			target = 7327FD2A1B6CAF1E00D693ED /* icfp2015view */;
			targetProxy = 7327FD451B6CAF1F00D693ED /* PBXContainerItemProxy */;
		};
		73481A791B750D24006C7E9D /* PBXTargetDependency */ = {
			isa = PBXTargetDependency;
			target = 73481A6B1B750D24006C7E9D /* clilibrary */;
			targetProxy = 73481A781B750D24006C7E9D /* PBXContainerItemProxy */;
		};
/* End PBXTargetDependency section */

/* Begin PBXVariantGroup section */
		7327FD381B6CAF1E00D693ED /* Main.storyboard */ = {
			isa = PBXVariantGroup;
			children = (
				7327FD391B6CAF1E00D693ED /* Base */,
			);
			name = Main.storyboard;
			sourceTree = "<group>";
		};
		7327FD3D1B6CAF1E00D693ED /* LaunchScreen.xib */ = {
			isa = PBXVariantGroup;
			children = (
				7327FD3E1B6CAF1E00D693ED /* Base */,
			);
			name = LaunchScreen.xib;
			sourceTree = "<group>";
		};
/* End PBXVariantGroup section */

/* Begin XCBuildConfiguration section */
		7327FD4C1B6CAF1F00D693ED /* Debug */ = {
			isa = XCBuildConfiguration;
			buildSettings = {
				ALWAYS_SEARCH_USER_PATHS = NO;
				CLANG_CXX_LANGUAGE_STANDARD = "gnu++0x";
				CLANG_CXX_LIBRARY = "libc++";
				CLANG_ENABLE_MODULES = YES;
				CLANG_ENABLE_OBJC_ARC = YES;
				CLANG_WARN_BOOL_CONVERSION = YES;
				CLANG_WARN_CONSTANT_CONVERSION = YES;
				CLANG_WARN_DIRECT_OBJC_ISA_USAGE = YES_ERROR;
				CLANG_WARN_EMPTY_BODY = YES;
				CLANG_WARN_ENUM_CONVERSION = YES;
				CLANG_WARN_INT_CONVERSION = YES;
				CLANG_WARN_OBJC_ROOT_CLASS = YES_ERROR;
				CLANG_WARN_UNREACHABLE_CODE = YES;
				CLANG_WARN__DUPLICATE_METHOD_MATCH = YES;
				"CODE_SIGN_IDENTITY[sdk=iphoneos*]" = "iPhone Developer";
				COPY_PHASE_STRIP = NO;
				DEBUG_INFORMATION_FORMAT = "dwarf-with-dsym";
				ENABLE_STRICT_OBJC_MSGSEND = YES;
				GCC_C_LANGUAGE_STANDARD = gnu99;
				GCC_DYNAMIC_NO_PIC = NO;
				GCC_NO_COMMON_BLOCKS = YES;
				GCC_OPTIMIZATION_LEVEL = 0;
				GCC_PREPROCESSOR_DEFINITIONS = (
					"DEBUG=1",
					"$(inherited)",
				);
				GCC_SYMBOLS_PRIVATE_EXTERN = NO;
				GCC_WARN_64_TO_32_BIT_CONVERSION = YES;
				GCC_WARN_ABOUT_RETURN_TYPE = YES_ERROR;
				GCC_WARN_UNDECLARED_SELECTOR = YES;
				GCC_WARN_UNINITIALIZED_AUTOS = YES_AGGRESSIVE;
				GCC_WARN_UNUSED_FUNCTION = YES;
				GCC_WARN_UNUSED_VARIABLE = YES;
				IPHONEOS_DEPLOYMENT_TARGET = 8.4;
				MTL_ENABLE_DEBUG_INFO = YES;
				ONLY_ACTIVE_ARCH = YES;
				SDKROOT = iphoneos;
			};
			name = Debug;
		};
		7327FD4D1B6CAF1F00D693ED /* Release */ = {
			isa = XCBuildConfiguration;
			buildSettings = {
				ALWAYS_SEARCH_USER_PATHS = NO;
				CLANG_CXX_LANGUAGE_STANDARD = "gnu++0x";
				CLANG_CXX_LIBRARY = "libc++";
				CLANG_ENABLE_MODULES = YES;
				CLANG_ENABLE_OBJC_ARC = YES;
				CLANG_WARN_BOOL_CONVERSION = YES;
				CLANG_WARN_CONSTANT_CONVERSION = YES;
				CLANG_WARN_DIRECT_OBJC_ISA_USAGE = YES_ERROR;
				CLANG_WARN_EMPTY_BODY = YES;
				CLANG_WARN_ENUM_CONVERSION = YES;
				CLANG_WARN_INT_CONVERSION = YES;
				CLANG_WARN_OBJC_ROOT_CLASS = YES_ERROR;
				CLANG_WARN_UNREACHABLE_CODE = YES;
				CLANG_WARN__DUPLICATE_METHOD_MATCH = YES;
				"CODE_SIGN_IDENTITY[sdk=iphoneos*]" = "iPhone Developer";
				COPY_PHASE_STRIP = NO;
				DEBUG_INFORMATION_FORMAT = "dwarf-with-dsym";
				ENABLE_NS_ASSERTIONS = NO;
				ENABLE_STRICT_OBJC_MSGSEND = YES;
				GCC_C_LANGUAGE_STANDARD = gnu99;
				GCC_NO_COMMON_BLOCKS = YES;
				GCC_WARN_64_TO_32_BIT_CONVERSION = YES;
				GCC_WARN_ABOUT_RETURN_TYPE = YES_ERROR;
				GCC_WARN_UNDECLARED_SELECTOR = YES;
				GCC_WARN_UNINITIALIZED_AUTOS = YES_AGGRESSIVE;
				GCC_WARN_UNUSED_FUNCTION = YES;
				GCC_WARN_UNUSED_VARIABLE = YES;
				IPHONEOS_DEPLOYMENT_TARGET = 8.4;
				MTL_ENABLE_DEBUG_INFO = NO;
				SDKROOT = iphoneos;
				VALIDATE_PRODUCT = YES;
			};
			name = Release;
		};
		7327FD4F1B6CAF1F00D693ED /* Debug */ = {
			isa = XCBuildConfiguration;
			buildSettings = {
				ASSETCATALOG_COMPILER_APPICON_NAME = AppIcon;
				INFOPLIST_FILE = icfp2015view/Info.plist;
				LD_RUNPATH_SEARCH_PATHS = "$(inherited) @executable_path/Frameworks";
				PRODUCT_NAME = "$(TARGET_NAME)";
			};
			name = Debug;
		};
		7327FD501B6CAF1F00D693ED /* Release */ = {
			isa = XCBuildConfiguration;
			buildSettings = {
				ASSETCATALOG_COMPILER_APPICON_NAME = AppIcon;
				INFOPLIST_FILE = icfp2015view/Info.plist;
				LD_RUNPATH_SEARCH_PATHS = "$(inherited) @executable_path/Frameworks";
				PRODUCT_NAME = "$(TARGET_NAME)";
			};
			name = Release;
		};
		7327FD521B6CAF1F00D693ED /* Debug */ = {
			isa = XCBuildConfiguration;
			buildSettings = {
				BUNDLE_LOADER = "$(TEST_HOST)";
				FRAMEWORK_SEARCH_PATHS = (
					"$(SDKROOT)/Developer/Library/Frameworks",
					"$(inherited)",
				);
				GCC_PREPROCESSOR_DEFINITIONS = (
					"DEBUG=1",
					"$(inherited)",
				);
				INFOPLIST_FILE = icfp2015viewTests/Info.plist;
				LD_RUNPATH_SEARCH_PATHS = "$(inherited) @executable_path/Frameworks @loader_path/Frameworks";
				PRODUCT_NAME = "$(TARGET_NAME)";
				TEST_HOST = "$(BUILT_PRODUCTS_DIR)/icfp2015view.app/icfp2015view";
			};
			name = Debug;
		};
		7327FD531B6CAF1F00D693ED /* Release */ = {
			isa = XCBuildConfiguration;
			buildSettings = {
				BUNDLE_LOADER = "$(TEST_HOST)";
				FRAMEWORK_SEARCH_PATHS = (
					"$(SDKROOT)/Developer/Library/Frameworks",
					"$(inherited)",
				);
				INFOPLIST_FILE = icfp2015viewTests/Info.plist;
				LD_RUNPATH_SEARCH_PATHS = "$(inherited) @executable_path/Frameworks @loader_path/Frameworks";
				PRODUCT_NAME = "$(TARGET_NAME)";
				TEST_HOST = "$(BUILT_PRODUCTS_DIR)/icfp2015view.app/icfp2015view";
			};
			name = Release;
		};
		73481A7D1B750D24006C7E9D /* Debug */ = {
			isa = XCBuildConfiguration;
			buildSettings = {
				DEBUG_INFORMATION_FORMAT = dwarf;
				DYLIB_COMPATIBILITY_VERSION = 1;
				DYLIB_CURRENT_VERSION = 1;
				EXECUTABLE_PREFIX = lib;
				GCC_PREPROCESSOR_DEFINITIONS = (
					"DEBUG=1",
					"$(inherited)",
				);
				MACOSX_DEPLOYMENT_TARGET = 10.10;
				PRODUCT_NAME = "$(TARGET_NAME)";
				SDKROOT = macosx;
			};
			name = Debug;
		};
		73481A7E1B750D24006C7E9D /* Release */ = {
			isa = XCBuildConfiguration;
			buildSettings = {
				DYLIB_COMPATIBILITY_VERSION = 1;
				DYLIB_CURRENT_VERSION = 1;
				EXECUTABLE_PREFIX = lib;
				MACOSX_DEPLOYMENT_TARGET = 10.10;
				PRODUCT_NAME = "$(TARGET_NAME)";
				SDKROOT = macosx;
			};
			name = Release;
		};
		73481A7F1B750D24006C7E9D /* Debug */ = {
			isa = XCBuildConfiguration;
			buildSettings = {
				COMBINE_HIDPI_IMAGES = YES;
				DEBUG_INFORMATION_FORMAT = dwarf;
				FRAMEWORK_SEARCH_PATHS = (
					"$(DEVELOPER_FRAMEWORKS_DIR)",
					"$(inherited)",
				);
				GCC_PREPROCESSOR_DEFINITIONS = (
					"DEBUG=1",
					"$(inherited)",
				);
				INFOPLIST_FILE = clilibraryTests/Info.plist;
				LD_RUNPATH_SEARCH_PATHS = "$(inherited) @executable_path/../Frameworks @loader_path/../Frameworks";
				MACOSX_DEPLOYMENT_TARGET = 10.10;
				PRODUCT_NAME = "$(TARGET_NAME)";
				SDKROOT = macosx;
			};
			name = Debug;
		};
		73481A801B750D24006C7E9D /* Release */ = {
			isa = XCBuildConfiguration;
			buildSettings = {
				COMBINE_HIDPI_IMAGES = YES;
				FRAMEWORK_SEARCH_PATHS = (
					"$(DEVELOPER_FRAMEWORKS_DIR)",
					"$(inherited)",
				);
				INFOPLIST_FILE = clilibraryTests/Info.plist;
				LD_RUNPATH_SEARCH_PATHS = "$(inherited) @executable_path/../Frameworks @loader_path/../Frameworks";
				MACOSX_DEPLOYMENT_TARGET = 10.10;
				PRODUCT_NAME = "$(TARGET_NAME)";
				SDKROOT = macosx;
			};
			name = Release;
		};
/* End XCBuildConfiguration section */

/* Begin XCConfigurationList section */
		7327FD261B6CAF1E00D693ED /* Build configuration list for PBXProject "icfp2015view" */ = {
			isa = XCConfigurationList;
			buildConfigurations = (
				7327FD4C1B6CAF1F00D693ED /* Debug */,
				7327FD4D1B6CAF1F00D693ED /* Release */,
			);
			defaultConfigurationIsVisible = 0;
			defaultConfigurationName = Release;
		};
		7327FD4E1B6CAF1F00D693ED /* Build configuration list for PBXNativeTarget "icfp2015view" */ = {
			isa = XCConfigurationList;
			buildConfigurations = (
				7327FD4F1B6CAF1F00D693ED /* Debug */,
				7327FD501B6CAF1F00D693ED /* Release */,
			);
			defaultConfigurationIsVisible = 0;
			defaultConfigurationName = Release;
		};
		7327FD511B6CAF1F00D693ED /* Build configuration list for PBXNativeTarget "icfp2015viewTests" */ = {
			isa = XCConfigurationList;
			buildConfigurations = (
				7327FD521B6CAF1F00D693ED /* Debug */,
				7327FD531B6CAF1F00D693ED /* Release */,
			);
			defaultConfigurationIsVisible = 0;
			defaultConfigurationName = Release;
		};
		73481A811B750D24006C7E9D /* Build configuration list for PBXNativeTarget "clilibrary" */ = {
			isa = XCConfigurationList;
			buildConfigurations = (
				73481A7D1B750D24006C7E9D /* Debug */,
				73481A7E1B750D24006C7E9D /* Release */,
			);
			defaultConfigurationIsVisible = 0;
			defaultConfigurationName = Release;
		};
		73481A821B750D24006C7E9D /* Build configuration list for PBXNativeTarget "clilibraryTests" */ = {
			isa = XCConfigurationList;
			buildConfigurations = (
				73481A7F1B750D24006C7E9D /* Debug */,
				73481A801B750D24006C7E9D /* Release */,
			);
			defaultConfigurationIsVisible = 0;
			defaultConfigurationName = Release;
		};
/* End XCConfigurationList section */
	};
	rootObject = 7327FD231B6CAF1E00D693ED /* Project object */;
}
